// !$*UTF8*$!
{
	archiveVersion = 1;
	classes = {
	};
	objectVersion = 56;
	objects = {

/* Begin PBXBuildFile section */
		3E60609998DFD33D3F463463 /* Pods_EGarciaEcommerce.framework in Frameworks */ = {isa = PBXBuildFile; fileRef = 021AFB6C2A04FA5F1D6A81F4 /* Pods_EGarciaEcommerce.framework */; };
		604687F948910ECCF6FEB642 /* Pods_EGarciaEcommerceVenta.framework in Frameworks */ = {isa = PBXBuildFile; fileRef = 8CCDC64F66EAF3871959D3F1 /* Pods_EGarciaEcommerceVenta.framework */; };
		A9845753861102C8AEDD0E32 /* (null) in Frameworks */ = {isa = PBXBuildFile; };
		E30620392A018C61005D4246 /* Result.swift in Sources */ = {isa = PBXBuildFile; fileRef = E30620382A018C61005D4246 /* Result.swift */; };
		E31117CD2A02E80800FA2013 /* GetAllUsuarioController.swift in Sources */ = {isa = PBXBuildFile; fileRef = E31117CC2A02E80800FA2013 /* GetAllUsuarioController.swift */; };
		E31117D02A02ED5400FA2013 /* UsuarioCell.swift in Sources */ = {isa = PBXBuildFile; fileRef = E31117CE2A02ED5400FA2013 /* UsuarioCell.swift */; };
		E31117D12A02ED5400FA2013 /* UsuarioCell.xib in Resources */ = {isa = PBXBuildFile; fileRef = E31117CF2A02ED5400FA2013 /* UsuarioCell.xib */; };
		E313AB2D2A257784000C5E5D /* EGarciaEcommerceVentaTests.swift in Sources */ = {isa = PBXBuildFile; fileRef = E313AB2C2A257784000C5E5D /* EGarciaEcommerceVentaTests.swift */; };
		E313AB372A2579A6000C5E5D /* FirebaseAuth in Frameworks */ = {isa = PBXBuildFile; productRef = E313AB362A2579A6000C5E5D /* FirebaseAuth */; };
		E313AB392A2579AF000C5E5D /* FirebaseStorage in Frameworks */ = {isa = PBXBuildFile; productRef = E313AB382A2579AF000C5E5D /* FirebaseStorage */; };
		E313AB3B2A2579C6000C5E5D /* FirebaseCrashlytics in Frameworks */ = {isa = PBXBuildFile; productRef = E313AB3A2A2579C6000C5E5D /* FirebaseCrashlytics */; };
		E32A65152A0DB5780002E365 /* iOSDropDown.framework in Frameworks */ = {isa = PBXBuildFile; fileRef = E32A65142A0DB5780002E365 /* iOSDropDown.framework */; };
		E32B57BE29FC541700A1EA76 /* DBManager.swift in Sources */ = {isa = PBXBuildFile; fileRef = E32B57BD29FC541700A1EA76 /* DBManager.swift */; };
		E32B57C029FC54FA00A1EA76 /* Usuario.swift in Sources */ = {isa = PBXBuildFile; fileRef = E32B57BF29FC54FA00A1EA76 /* Usuario.swift */; };
		E33B71DD2A140CB700C1CB6D /* GetAllProductoController.swift in Sources */ = {isa = PBXBuildFile; fileRef = E33B71DC2A140CB700C1CB6D /* GetAllProductoController.swift */; };
		E33B71DF2A140DD600C1CB6D /* FormProductoController.swift in Sources */ = {isa = PBXBuildFile; fileRef = E33B71DE2A140DD600C1CB6D /* FormProductoController.swift */; };
		E33B71E22A140EFB00C1CB6D /* ProductoViewModel.swift in Sources */ = {isa = PBXBuildFile; fileRef = E33B71E12A140EFB00C1CB6D /* ProductoViewModel.swift */; };
		E33B71E62A140F3900C1CB6D /* ProductoCell.swift in Sources */ = {isa = PBXBuildFile; fileRef = E33B71E42A140F3900C1CB6D /* ProductoCell.swift */; };
		E33B71E72A140F3900C1CB6D /* ProductoCell.xib in Resources */ = {isa = PBXBuildFile; fileRef = E33B71E52A140F3900C1CB6D /* ProductoCell.xib */; };
		E33B71EB2A140F7900C1CB6D /* Proveedor.swift in Sources */ = {isa = PBXBuildFile; fileRef = E33B71EA2A140F7900C1CB6D /* Proveedor.swift */; };
		E33B71ED2A140F8E00C1CB6D /* Departamento.swift in Sources */ = {isa = PBXBuildFile; fileRef = E33B71EC2A140F8E00C1CB6D /* Departamento.swift */; };
		E33B71EF2A140F9B00C1CB6D /* Area.swift in Sources */ = {isa = PBXBuildFile; fileRef = E33B71EE2A140F9B00C1CB6D /* Area.swift */; };
		E36ABC312A1D487F00CE6CCE /* FirebaseAuth in Frameworks */ = {isa = PBXBuildFile; productRef = E36ABC302A1D487F00CE6CCE /* FirebaseAuth */; };
		E36ABC332A1D487F00CE6CCE /* FirebaseCrashlytics in Frameworks */ = {isa = PBXBuildFile; productRef = E36ABC322A1D487F00CE6CCE /* FirebaseCrashlytics */; };
		E36ABC352A1D487F00CE6CCE /* FirebaseStorage in Frameworks */ = {isa = PBXBuildFile; productRef = E36ABC342A1D487F00CE6CCE /* FirebaseStorage */; };
		E36ABC412A1D758F00CE6CCE /* AreaDepartamentoCell.swift in Sources */ = {isa = PBXBuildFile; fileRef = E36ABC3F2A1D758F00CE6CCE /* AreaDepartamentoCell.swift */; };
		E36ABC422A1D758F00CE6CCE /* AreaDepartamentoCell.xib in Resources */ = {isa = PBXBuildFile; fileRef = E36ABC402A1D758F00CE6CCE /* AreaDepartamentoCell.xib */; };
		E37347A62A156542000D4E63 /* Producto.swift in Sources */ = {isa = PBXBuildFile; fileRef = E37347A52A156542000D4E63 /* Producto.swift */; };
		E37347AA2A157209000D4E63 /* DepartamentoViewModel.swift in Sources */ = {isa = PBXBuildFile; fileRef = E37347A92A157209000D4E63 /* DepartamentoViewModel.swift */; };
		E37347AC2A157221000D4E63 /* ProveedorViewModel.swift in Sources */ = {isa = PBXBuildFile; fileRef = E37347AB2A157221000D4E63 /* ProveedorViewModel.swift */; };
		E382C6662A04371900D22EFA /* UsuarioViewModel.swift in Sources */ = {isa = PBXBuildFile; fileRef = E382C6652A04371900D22EFA /* UsuarioViewModel.swift */; };
		E38B7AAC2A2A841700D72816 /* ResumenController.swift in Sources */ = {isa = PBXBuildFile; fileRef = E38B7AAB2A2A841700D72816 /* ResumenController.swift */; };
		E3A135D829FAFD6D006C0CAD /* AppDelegate.swift in Sources */ = {isa = PBXBuildFile; fileRef = E3A135D729FAFD6D006C0CAD /* AppDelegate.swift */; };
		E3A135DA29FAFD6D006C0CAD /* SceneDelegate.swift in Sources */ = {isa = PBXBuildFile; fileRef = E3A135D929FAFD6D006C0CAD /* SceneDelegate.swift */; };
		E3A135DC29FAFD6D006C0CAD /* FormController.swift in Sources */ = {isa = PBXBuildFile; fileRef = E3A135DB29FAFD6D006C0CAD /* FormController.swift */; };
		E3A135DF29FAFD6D006C0CAD /* Main.storyboard in Resources */ = {isa = PBXBuildFile; fileRef = E3A135DD29FAFD6D006C0CAD /* Main.storyboard */; };
		E3A135E129FAFD6E006C0CAD /* Assets.xcassets in Resources */ = {isa = PBXBuildFile; fileRef = E3A135E029FAFD6E006C0CAD /* Assets.xcassets */; };
		E3A135E429FAFD6E006C0CAD /* LaunchScreen.storyboard in Resources */ = {isa = PBXBuildFile; fileRef = E3A135E229FAFD6E006C0CAD /* LaunchScreen.storyboard */; };
		E3AF22B72A269DED002BF4AE /* EGarciaEcommerceVentaUITests.swift in Sources */ = {isa = PBXBuildFile; fileRef = E3AF22B62A269DED002BF4AE /* EGarciaEcommerceVentaUITests.swift */; };
		E3AF22B92A269DED002BF4AE /* EGarciaEcommerceVentaUITestsLaunchTests.swift in Sources */ = {isa = PBXBuildFile; fileRef = E3AF22B82A269DED002BF4AE /* EGarciaEcommerceVentaUITestsLaunchTests.swift */; };
		E3B5DC332A1FE53600A4373A /* AppDelegate.swift in Sources */ = {isa = PBXBuildFile; fileRef = E3B5DC322A1FE53600A4373A /* AppDelegate.swift */; };
		E3B5DC352A1FE53600A4373A /* SceneDelegate.swift in Sources */ = {isa = PBXBuildFile; fileRef = E3B5DC342A1FE53600A4373A /* SceneDelegate.swift */; };
		E3B5DC3A2A1FE53600A4373A /* Main.storyboard in Resources */ = {isa = PBXBuildFile; fileRef = E3B5DC382A1FE53600A4373A /* Main.storyboard */; };
		E3B5DC3C2A1FE53700A4373A /* Assets.xcassets in Resources */ = {isa = PBXBuildFile; fileRef = E3B5DC3B2A1FE53700A4373A /* Assets.xcassets */; };
		E3B5DC3F2A1FE53700A4373A /* LaunchScreen.storyboard in Resources */ = {isa = PBXBuildFile; fileRef = E3B5DC3D2A1FE53700A4373A /* LaunchScreen.storyboard */; };
		E3B5DC462A1FE8DD00A4373A /* Result.swift in Sources */ = {isa = PBXBuildFile; fileRef = E30620382A018C61005D4246 /* Result.swift */; };
		E3B5DC472A1FE8FB00A4373A /* Departamento.swift in Sources */ = {isa = PBXBuildFile; fileRef = E33B71EC2A140F8E00C1CB6D /* Departamento.swift */; };
		E3B5DC482A1FE90F00A4373A /* Area.swift in Sources */ = {isa = PBXBuildFile; fileRef = E33B71EE2A140F9B00C1CB6D /* Area.swift */; };
		E3B5DC492A1FE92000A4373A /* Producto.swift in Sources */ = {isa = PBXBuildFile; fileRef = E37347A52A156542000D4E63 /* Producto.swift */; };
		E3B5DC4A2A1FE92D00A4373A /* DBManager.swift in Sources */ = {isa = PBXBuildFile; fileRef = E32B57BD29FC541700A1EA76 /* DBManager.swift */; };
		E3B5DC4B2A1FE94500A4373A /* AreaViewModel.swift in Sources */ = {isa = PBXBuildFile; fileRef = E3D2A1112A16D50E007BB13F /* AreaViewModel.swift */; };
		E3B5DC4C2A1FE94E00A4373A /* DepartamentoViewModel.swift in Sources */ = {isa = PBXBuildFile; fileRef = E37347A92A157209000D4E63 /* DepartamentoViewModel.swift */; };
		E3B5DC4D2A1FE95900A4373A /* ProductoViewModel.swift in Sources */ = {isa = PBXBuildFile; fileRef = E33B71E12A140EFB00C1CB6D /* ProductoViewModel.swift */; };
		E3B5DC552A1FEC2C00A4373A /* AreaController.swift in Sources */ = {isa = PBXBuildFile; fileRef = E3B5DC542A1FEC2C00A4373A /* AreaController.swift */; };
		E3B5DC572A1FEC9500A4373A /* ProductoCollectionController.swift in Sources */ = {isa = PBXBuildFile; fileRef = E3B5DC562A1FEC9500A4373A /* ProductoCollectionController.swift */; };
		E3B5DC592A1FECEB00A4373A /* DepartamentoController.swift in Sources */ = {isa = PBXBuildFile; fileRef = E3B5DC582A1FECEB00A4373A /* DepartamentoController.swift */; };
		E3B5DC5D2A1FEDC900A4373A /* AreaDepartamentoCell.swift in Sources */ = {isa = PBXBuildFile; fileRef = E3B5DC5B2A1FEDC900A4373A /* AreaDepartamentoCell.swift */; };
		E3B5DC5E2A1FEDC900A4373A /* AreaDepartamentoCell.xib in Resources */ = {isa = PBXBuildFile; fileRef = E3B5DC5C2A1FEDC900A4373A /* AreaDepartamentoCell.xib */; };
		E3B5DC642A1FEF5C00A4373A /* ProductoCollectionViewCell.swift in Sources */ = {isa = PBXBuildFile; fileRef = E3B5DC622A1FEF5C00A4373A /* ProductoCollectionViewCell.swift */; };
		E3B5DC652A1FEF5C00A4373A /* ProductoCollectionViewCell.xib in Resources */ = {isa = PBXBuildFile; fileRef = E3B5DC632A1FEF5C00A4373A /* ProductoCollectionViewCell.xib */; };
		E3B5DC662A1FF1B700A4373A /* Proveedor.swift in Sources */ = {isa = PBXBuildFile; fileRef = E33B71EA2A140F7900C1CB6D /* Proveedor.swift */; };
		E3B5DC692A1FF4EE00A4373A /* FirebaseAuth in Frameworks */ = {isa = PBXBuildFile; productRef = E3B5DC682A1FF4EE00A4373A /* FirebaseAuth */; };
		E3B5DC6B2A1FF4FB00A4373A /* FirebaseStorage in Frameworks */ = {isa = PBXBuildFile; productRef = E3B5DC6A2A1FF4FB00A4373A /* FirebaseStorage */; };
		E3B5DC6D2A1FF54F00A4373A /* FirebaseCrashlytics in Frameworks */ = {isa = PBXBuildFile; productRef = E3B5DC6C2A1FF54F00A4373A /* FirebaseCrashlytics */; };
		E3B5DC6F2A1FF67A00A4373A /* LoginController.swift in Sources */ = {isa = PBXBuildFile; fileRef = E3B5DC6E2A1FF67A00A4373A /* LoginController.swift */; };
		E3B5DC712A1FF6B800A4373A /* RegistroController.swift in Sources */ = {isa = PBXBuildFile; fileRef = E3B5DC702A1FF6B800A4373A /* RegistroController.swift */; };
		E3B5DC722A20063D00A4373A /* GoogleService-Info.plist in Sources */ = {isa = PBXBuildFile; fileRef = E3DA70182A1BFF3F00A6B53E /* GoogleService-Info.plist */; };
		E3B5DC752A20094B00A4373A /* EGarciaEcommerce.xcdatamodeld in Sources */ = {isa = PBXBuildFile; fileRef = E3B5DC732A20094B00A4373A /* EGarciaEcommerce.xcdatamodeld */; };
		E3C680E22A181F3900BCCF12 /* LoginController.swift in Sources */ = {isa = PBXBuildFile; fileRef = E3C680E12A181F3900BCCF12 /* LoginController.swift */; };
		E3CC03B12A1E9FD100CA9937 /* ProductoCollectionViewCell.swift in Sources */ = {isa = PBXBuildFile; fileRef = E3CC03AF2A1E9FD100CA9937 /* ProductoCollectionViewCell.swift */; };
		E3CC03B22A1E9FD100CA9937 /* ProductoCollectionViewCell.xib in Resources */ = {isa = PBXBuildFile; fileRef = E3CC03B02A1E9FD100CA9937 /* ProductoCollectionViewCell.xib */; };
		E3D2A1122A16D50E007BB13F /* AreaViewModel.swift in Sources */ = {isa = PBXBuildFile; fileRef = E3D2A1112A16D50E007BB13F /* AreaViewModel.swift */; };
		E3DA70192A1BFF3F00A6B53E /* GoogleService-Info.plist in Resources */ = {isa = PBXBuildFile; fileRef = E3DA70182A1BFF3F00A6B53E /* GoogleService-Info.plist */; };
		E3DA701B2A1C00B300A6B53E /* RegistroController.swift in Sources */ = {isa = PBXBuildFile; fileRef = E3DA701A2A1C00B300A6B53E /* RegistroController.swift */; };
		E3E6AB3A2A213CA9001813D8 /* CarritoViewModel.swift in Sources */ = {isa = PBXBuildFile; fileRef = E3E6AB392A213CA9001813D8 /* CarritoViewModel.swift */; };
		E3E6AB3C2A2141D7001813D8 /* Venta.swift in Sources */ = {isa = PBXBuildFile; fileRef = E3E6AB3B2A2141D7001813D8 /* Venta.swift */; };
		E3E6AB3E2A214329001813D8 /* CarritoController.swift in Sources */ = {isa = PBXBuildFile; fileRef = E3E6AB3D2A214329001813D8 /* CarritoController.swift */; };
		E3E6AB472A214688001813D8 /* CarritoCell.swift in Sources */ = {isa = PBXBuildFile; fileRef = E3E6AB452A214688001813D8 /* CarritoCell.swift */; };
		E3E6AB482A214688001813D8 /* CarritoCell.xib in Resources */ = {isa = PBXBuildFile; fileRef = E3E6AB462A214688001813D8 /* CarritoCell.xib */; };
		E3FEE8BA2A0ACB7F00315063 /* Rol.swift in Sources */ = {isa = PBXBuildFile; fileRef = E3FEE8B92A0ACB7F00315063 /* Rol.swift */; };
		E3FEE8BC2A0ACC1400315063 /* RolViewModel.swift in Sources */ = {isa = PBXBuildFile; fileRef = E3FEE8BB2A0ACC1400315063 /* RolViewModel.swift */; };
		E3FEE8C22A0AE52A00315063 /* FormRolController.swift in Sources */ = {isa = PBXBuildFile; fileRef = E3FEE8C12A0AE52A00315063 /* FormRolController.swift */; };
		E3FEE8C42A0AE5BA00315063 /* GetAllRolController.swift in Sources */ = {isa = PBXBuildFile; fileRef = E3FEE8C32A0AE5BA00315063 /* GetAllRolController.swift */; };
		E3FEE8CC2A0B086800315063 /* RolCell.swift in Sources */ = {isa = PBXBuildFile; fileRef = E3FEE8CA2A0B086800315063 /* RolCell.swift */; };
		E3FEE8CD2A0B086800315063 /* RolCell.xib in Resources */ = {isa = PBXBuildFile; fileRef = E3FEE8CB2A0B086800315063 /* RolCell.xib */; };
/* End PBXBuildFile section */

/* Begin PBXContainerItemProxy section */
		E313AB2E2A257784000C5E5D /* PBXContainerItemProxy */ = {
			isa = PBXContainerItemProxy;
			containerPortal = E3A135CC29FAFD6D006C0CAD /* Project object */;
			proxyType = 1;
			remoteGlobalIDString = E3B5DC2F2A1FE53600A4373A;
			remoteInfo = EGarciaEcommerceVenta;
		};
		E3AF22BA2A269DED002BF4AE /* PBXContainerItemProxy */ = {
			isa = PBXContainerItemProxy;
			containerPortal = E3A135CC29FAFD6D006C0CAD /* Project object */;
			proxyType = 1;
			remoteGlobalIDString = E3B5DC2F2A1FE53600A4373A;
			remoteInfo = EGarciaEcommerceVenta;
		};
/* End PBXContainerItemProxy section */

/* Begin PBXFileReference section */
		021AFB6C2A04FA5F1D6A81F4 /* Pods_EGarciaEcommerce.framework */ = {isa = PBXFileReference; explicitFileType = wrapper.framework; includeInIndex = 0; path = Pods_EGarciaEcommerce.framework; sourceTree = BUILT_PRODUCTS_DIR; };
		1179D167137C70CB032FCF0B /* Pods-EGarciaEcommerceVenta.release.xcconfig */ = {isa = PBXFileReference; includeInIndex = 1; lastKnownFileType = text.xcconfig; name = "Pods-EGarciaEcommerceVenta.release.xcconfig"; path = "Target Support Files/Pods-EGarciaEcommerceVenta/Pods-EGarciaEcommerceVenta.release.xcconfig"; sourceTree = "<group>"; };
		8A28EC3658DF939E3E0767A5 /* Pods-EGarciaEcommerce.release.xcconfig */ = {isa = PBXFileReference; includeInIndex = 1; lastKnownFileType = text.xcconfig; name = "Pods-EGarciaEcommerce.release.xcconfig"; path = "Target Support Files/Pods-EGarciaEcommerce/Pods-EGarciaEcommerce.release.xcconfig"; sourceTree = "<group>"; };
		8CCDC64F66EAF3871959D3F1 /* Pods_EGarciaEcommerceVenta.framework */ = {isa = PBXFileReference; explicitFileType = wrapper.framework; includeInIndex = 0; path = Pods_EGarciaEcommerceVenta.framework; sourceTree = BUILT_PRODUCTS_DIR; };
		B96C34FED1516F1430EF1DD3 /* Pods-EGarciaEcommerceVenta.debug.xcconfig */ = {isa = PBXFileReference; includeInIndex = 1; lastKnownFileType = text.xcconfig; name = "Pods-EGarciaEcommerceVenta.debug.xcconfig"; path = "Target Support Files/Pods-EGarciaEcommerceVenta/Pods-EGarciaEcommerceVenta.debug.xcconfig"; sourceTree = "<group>"; };
		E30620382A018C61005D4246 /* Result.swift */ = {isa = PBXFileReference; lastKnownFileType = sourcecode.swift; path = Result.swift; sourceTree = "<group>"; };
		E31117CC2A02E80800FA2013 /* GetAllUsuarioController.swift */ = {isa = PBXFileReference; lastKnownFileType = sourcecode.swift; path = GetAllUsuarioController.swift; sourceTree = "<group>"; };
		E31117CE2A02ED5400FA2013 /* UsuarioCell.swift */ = {isa = PBXFileReference; lastKnownFileType = sourcecode.swift; path = UsuarioCell.swift; sourceTree = "<group>"; };
		E31117CF2A02ED5400FA2013 /* UsuarioCell.xib */ = {isa = PBXFileReference; lastKnownFileType = file.xib; path = UsuarioCell.xib; sourceTree = "<group>"; };
		E313AB2A2A257784000C5E5D /* EGarciaEcommerceVentaTests.xctest */ = {isa = PBXFileReference; explicitFileType = wrapper.cfbundle; includeInIndex = 0; path = EGarciaEcommerceVentaTests.xctest; sourceTree = BUILT_PRODUCTS_DIR; };
		E313AB2C2A257784000C5E5D /* EGarciaEcommerceVentaTests.swift */ = {isa = PBXFileReference; lastKnownFileType = sourcecode.swift; path = EGarciaEcommerceVentaTests.swift; sourceTree = "<group>"; };
		E32A65102A0DB50D0002E365 /* iOSDropDown.framework */ = {isa = PBXFileReference; explicitFileType = wrapper.framework; path = iOSDropDown.framework; sourceTree = BUILT_PRODUCTS_DIR; };
		E32A65142A0DB5780002E365 /* iOSDropDown.framework */ = {isa = PBXFileReference; explicitFileType = wrapper.framework; path = iOSDropDown.framework; sourceTree = BUILT_PRODUCTS_DIR; };
		E32B57BD29FC541700A1EA76 /* DBManager.swift */ = {isa = PBXFileReference; lastKnownFileType = sourcecode.swift; path = DBManager.swift; sourceTree = "<group>"; };
		E32B57BF29FC54FA00A1EA76 /* Usuario.swift */ = {isa = PBXFileReference; lastKnownFileType = sourcecode.swift; path = Usuario.swift; sourceTree = "<group>"; };
		E32B57C129FC5DB200A1EA76 /* EGarciaBD.db */ = {isa = PBXFileReference; lastKnownFileType = file; path = EGarciaBD.db; sourceTree = "<group>"; };
		E33B71DC2A140CB700C1CB6D /* GetAllProductoController.swift */ = {isa = PBXFileReference; lastKnownFileType = sourcecode.swift; path = GetAllProductoController.swift; sourceTree = "<group>"; };
		E33B71DE2A140DD600C1CB6D /* FormProductoController.swift */ = {isa = PBXFileReference; lastKnownFileType = sourcecode.swift; path = FormProductoController.swift; sourceTree = "<group>"; };
		E33B71E12A140EFB00C1CB6D /* ProductoViewModel.swift */ = {isa = PBXFileReference; lastKnownFileType = sourcecode.swift; path = ProductoViewModel.swift; sourceTree = "<group>"; };
		E33B71E42A140F3900C1CB6D /* ProductoCell.swift */ = {isa = PBXFileReference; lastKnownFileType = sourcecode.swift; path = ProductoCell.swift; sourceTree = "<group>"; };
		E33B71E52A140F3900C1CB6D /* ProductoCell.xib */ = {isa = PBXFileReference; lastKnownFileType = file.xib; path = ProductoCell.xib; sourceTree = "<group>"; };
		E33B71EA2A140F7900C1CB6D /* Proveedor.swift */ = {isa = PBXFileReference; lastKnownFileType = sourcecode.swift; path = Proveedor.swift; sourceTree = "<group>"; };
		E33B71EC2A140F8E00C1CB6D /* Departamento.swift */ = {isa = PBXFileReference; lastKnownFileType = sourcecode.swift; path = Departamento.swift; sourceTree = "<group>"; };
		E33B71EE2A140F9B00C1CB6D /* Area.swift */ = {isa = PBXFileReference; lastKnownFileType = sourcecode.swift; path = Area.swift; sourceTree = "<group>"; };
		E36817052A250809009E2AE9 /* SwipeCellKit.framework */ = {isa = PBXFileReference; explicitFileType = wrapper.framework; path = SwipeCellKit.framework; sourceTree = BUILT_PRODUCTS_DIR; };
		E36ABC3F2A1D758F00CE6CCE /* AreaDepartamentoCell.swift */ = {isa = PBXFileReference; lastKnownFileType = sourcecode.swift; path = AreaDepartamentoCell.swift; sourceTree = "<group>"; };
		E36ABC402A1D758F00CE6CCE /* AreaDepartamentoCell.xib */ = {isa = PBXFileReference; lastKnownFileType = file.xib; path = AreaDepartamentoCell.xib; sourceTree = "<group>"; };
		E37347A52A156542000D4E63 /* Producto.swift */ = {isa = PBXFileReference; lastKnownFileType = sourcecode.swift; path = Producto.swift; sourceTree = "<group>"; };
		E37347A92A157209000D4E63 /* DepartamentoViewModel.swift */ = {isa = PBXFileReference; lastKnownFileType = sourcecode.swift; path = DepartamentoViewModel.swift; sourceTree = "<group>"; };
		E37347AB2A157221000D4E63 /* ProveedorViewModel.swift */ = {isa = PBXFileReference; lastKnownFileType = sourcecode.swift; path = ProveedorViewModel.swift; sourceTree = "<group>"; };
		E382C6652A04371900D22EFA /* UsuarioViewModel.swift */ = {isa = PBXFileReference; lastKnownFileType = sourcecode.swift; path = UsuarioViewModel.swift; sourceTree = "<group>"; };
		E38B7AAB2A2A841700D72816 /* ResumenController.swift */ = {isa = PBXFileReference; lastKnownFileType = sourcecode.swift; path = ResumenController.swift; sourceTree = "<group>"; };
		E3A135D429FAFD6D006C0CAD /* EGarciaEcommerce.app */ = {isa = PBXFileReference; explicitFileType = wrapper.application; includeInIndex = 0; path = EGarciaEcommerce.app; sourceTree = BUILT_PRODUCTS_DIR; };
		E3A135D729FAFD6D006C0CAD /* AppDelegate.swift */ = {isa = PBXFileReference; lastKnownFileType = sourcecode.swift; path = AppDelegate.swift; sourceTree = "<group>"; };
		E3A135D929FAFD6D006C0CAD /* SceneDelegate.swift */ = {isa = PBXFileReference; lastKnownFileType = sourcecode.swift; path = SceneDelegate.swift; sourceTree = "<group>"; };
		E3A135DB29FAFD6D006C0CAD /* FormController.swift */ = {isa = PBXFileReference; lastKnownFileType = sourcecode.swift; path = FormController.swift; sourceTree = "<group>"; };
		E3A135DE29FAFD6D006C0CAD /* Base */ = {isa = PBXFileReference; lastKnownFileType = file.storyboard; name = Base; path = Base.lproj/Main.storyboard; sourceTree = "<group>"; };
		E3A135E029FAFD6E006C0CAD /* Assets.xcassets */ = {isa = PBXFileReference; lastKnownFileType = folder.assetcatalog; path = Assets.xcassets; sourceTree = "<group>"; };
		E3A135E329FAFD6E006C0CAD /* Base */ = {isa = PBXFileReference; lastKnownFileType = file.storyboard; name = Base; path = Base.lproj/LaunchScreen.storyboard; sourceTree = "<group>"; };
		E3A135E529FAFD6E006C0CAD /* Info.plist */ = {isa = PBXFileReference; lastKnownFileType = text.plist.xml; path = Info.plist; sourceTree = "<group>"; };
		E3AF22B42A269DED002BF4AE /* EGarciaEcommerceVentaUITests.xctest */ = {isa = PBXFileReference; explicitFileType = wrapper.cfbundle; includeInIndex = 0; path = EGarciaEcommerceVentaUITests.xctest; sourceTree = BUILT_PRODUCTS_DIR; };
		E3AF22B62A269DED002BF4AE /* EGarciaEcommerceVentaUITests.swift */ = {isa = PBXFileReference; lastKnownFileType = sourcecode.swift; path = EGarciaEcommerceVentaUITests.swift; sourceTree = "<group>"; };
		E3AF22B82A269DED002BF4AE /* EGarciaEcommerceVentaUITestsLaunchTests.swift */ = {isa = PBXFileReference; lastKnownFileType = sourcecode.swift; path = EGarciaEcommerceVentaUITestsLaunchTests.swift; sourceTree = "<group>"; };
		E3B5DC302A1FE53600A4373A /* EGarciaEcommerceVenta.app */ = {isa = PBXFileReference; explicitFileType = wrapper.application; includeInIndex = 0; path = EGarciaEcommerceVenta.app; sourceTree = BUILT_PRODUCTS_DIR; };
		E3B5DC322A1FE53600A4373A /* AppDelegate.swift */ = {isa = PBXFileReference; lastKnownFileType = sourcecode.swift; path = AppDelegate.swift; sourceTree = "<group>"; };
		E3B5DC342A1FE53600A4373A /* SceneDelegate.swift */ = {isa = PBXFileReference; lastKnownFileType = sourcecode.swift; path = SceneDelegate.swift; sourceTree = "<group>"; };
		E3B5DC392A1FE53600A4373A /* Base */ = {isa = PBXFileReference; lastKnownFileType = file.storyboard; name = Base; path = Base.lproj/Main.storyboard; sourceTree = "<group>"; };
		E3B5DC3B2A1FE53700A4373A /* Assets.xcassets */ = {isa = PBXFileReference; lastKnownFileType = folder.assetcatalog; path = Assets.xcassets; sourceTree = "<group>"; };
		E3B5DC3E2A1FE53700A4373A /* Base */ = {isa = PBXFileReference; lastKnownFileType = file.storyboard; name = Base; path = Base.lproj/LaunchScreen.storyboard; sourceTree = "<group>"; };
		E3B5DC402A1FE53700A4373A /* Info.plist */ = {isa = PBXFileReference; lastKnownFileType = text.plist.xml; path = Info.plist; sourceTree = "<group>"; };
		E3B5DC442A1FE58C00A4373A /* EGarciaEcommerce.entitlements */ = {isa = PBXFileReference; lastKnownFileType = text.plist.entitlements; path = EGarciaEcommerce.entitlements; sourceTree = "<group>"; };
		E3B5DC452A1FE60600A4373A /* EGarciaEcommerceVenta.entitlements */ = {isa = PBXFileReference; lastKnownFileType = text.plist.entitlements; path = EGarciaEcommerceVenta.entitlements; sourceTree = "<group>"; };
		E3B5DC542A1FEC2C00A4373A /* AreaController.swift */ = {isa = PBXFileReference; lastKnownFileType = sourcecode.swift; path = AreaController.swift; sourceTree = "<group>"; };
		E3B5DC562A1FEC9500A4373A /* ProductoCollectionController.swift */ = {isa = PBXFileReference; lastKnownFileType = sourcecode.swift; path = ProductoCollectionController.swift; sourceTree = "<group>"; };
		E3B5DC582A1FECEB00A4373A /* DepartamentoController.swift */ = {isa = PBXFileReference; lastKnownFileType = sourcecode.swift; path = DepartamentoController.swift; sourceTree = "<group>"; };
		E3B5DC5B2A1FEDC900A4373A /* AreaDepartamentoCell.swift */ = {isa = PBXFileReference; lastKnownFileType = sourcecode.swift; path = AreaDepartamentoCell.swift; sourceTree = "<group>"; };
		E3B5DC5C2A1FEDC900A4373A /* AreaDepartamentoCell.xib */ = {isa = PBXFileReference; lastKnownFileType = file.xib; path = AreaDepartamentoCell.xib; sourceTree = "<group>"; };
		E3B5DC622A1FEF5C00A4373A /* ProductoCollectionViewCell.swift */ = {isa = PBXFileReference; lastKnownFileType = sourcecode.swift; path = ProductoCollectionViewCell.swift; sourceTree = "<group>"; };
		E3B5DC632A1FEF5C00A4373A /* ProductoCollectionViewCell.xib */ = {isa = PBXFileReference; lastKnownFileType = file.xib; path = ProductoCollectionViewCell.xib; sourceTree = "<group>"; };
		E3B5DC6E2A1FF67A00A4373A /* LoginController.swift */ = {isa = PBXFileReference; lastKnownFileType = sourcecode.swift; path = LoginController.swift; sourceTree = "<group>"; };
		E3B5DC702A1FF6B800A4373A /* RegistroController.swift */ = {isa = PBXFileReference; lastKnownFileType = sourcecode.swift; path = RegistroController.swift; sourceTree = "<group>"; };
		E3B5DC742A20094B00A4373A /* EGarciaEcommerce.xcdatamodel */ = {isa = PBXFileReference; lastKnownFileType = wrapper.xcdatamodel; path = EGarciaEcommerce.xcdatamodel; sourceTree = "<group>"; };
		E3C680E12A181F3900BCCF12 /* LoginController.swift */ = {isa = PBXFileReference; lastKnownFileType = sourcecode.swift; path = LoginController.swift; sourceTree = "<group>"; };
		E3CC03AF2A1E9FD100CA9937 /* ProductoCollectionViewCell.swift */ = {isa = PBXFileReference; lastKnownFileType = sourcecode.swift; path = ProductoCollectionViewCell.swift; sourceTree = "<group>"; };
		E3CC03B02A1E9FD100CA9937 /* ProductoCollectionViewCell.xib */ = {isa = PBXFileReference; lastKnownFileType = file.xib; path = ProductoCollectionViewCell.xib; sourceTree = "<group>"; };
		E3D2A1112A16D50E007BB13F /* AreaViewModel.swift */ = {isa = PBXFileReference; lastKnownFileType = sourcecode.swift; path = AreaViewModel.swift; sourceTree = "<group>"; };
		E3DA70182A1BFF3F00A6B53E /* GoogleService-Info.plist */ = {isa = PBXFileReference; fileEncoding = 4; lastKnownFileType = text.plist.xml; path = "GoogleService-Info.plist"; sourceTree = "<group>"; };
		E3DA701A2A1C00B300A6B53E /* RegistroController.swift */ = {isa = PBXFileReference; lastKnownFileType = sourcecode.swift; path = RegistroController.swift; sourceTree = "<group>"; };
		E3E6AB392A213CA9001813D8 /* CarritoViewModel.swift */ = {isa = PBXFileReference; lastKnownFileType = sourcecode.swift; path = CarritoViewModel.swift; sourceTree = "<group>"; };
		E3E6AB3B2A2141D7001813D8 /* Venta.swift */ = {isa = PBXFileReference; lastKnownFileType = sourcecode.swift; path = Venta.swift; sourceTree = "<group>"; };
		E3E6AB3D2A214329001813D8 /* CarritoController.swift */ = {isa = PBXFileReference; lastKnownFileType = sourcecode.swift; path = CarritoController.swift; sourceTree = "<group>"; };
		E3E6AB452A214688001813D8 /* CarritoCell.swift */ = {isa = PBXFileReference; lastKnownFileType = sourcecode.swift; path = CarritoCell.swift; sourceTree = "<group>"; };
		E3E6AB462A214688001813D8 /* CarritoCell.xib */ = {isa = PBXFileReference; lastKnownFileType = file.xib; path = CarritoCell.xib; sourceTree = "<group>"; };
		E3FEE8B92A0ACB7F00315063 /* Rol.swift */ = {isa = PBXFileReference; lastKnownFileType = sourcecode.swift; path = Rol.swift; sourceTree = "<group>"; };
		E3FEE8BB2A0ACC1400315063 /* RolViewModel.swift */ = {isa = PBXFileReference; lastKnownFileType = sourcecode.swift; path = RolViewModel.swift; sourceTree = "<group>"; };
		E3FEE8C12A0AE52A00315063 /* FormRolController.swift */ = {isa = PBXFileReference; lastKnownFileType = sourcecode.swift; path = FormRolController.swift; sourceTree = "<group>"; };
		E3FEE8C32A0AE5BA00315063 /* GetAllRolController.swift */ = {isa = PBXFileReference; lastKnownFileType = sourcecode.swift; path = GetAllRolController.swift; sourceTree = "<group>"; };
		E3FEE8CA2A0B086800315063 /* RolCell.swift */ = {isa = PBXFileReference; lastKnownFileType = sourcecode.swift; path = RolCell.swift; sourceTree = "<group>"; };
		E3FEE8CB2A0B086800315063 /* RolCell.xib */ = {isa = PBXFileReference; lastKnownFileType = file.xib; path = RolCell.xib; sourceTree = "<group>"; };
		EAEE88CA2D2999ADEC77EBED /* Pods-EGarciaEcommerce.debug.xcconfig */ = {isa = PBXFileReference; includeInIndex = 1; lastKnownFileType = text.xcconfig; name = "Pods-EGarciaEcommerce.debug.xcconfig"; path = "Target Support Files/Pods-EGarciaEcommerce/Pods-EGarciaEcommerce.debug.xcconfig"; sourceTree = "<group>"; };
/* End PBXFileReference section */

/* Begin PBXFrameworksBuildPhase section */
		E313AB272A257784000C5E5D /* Frameworks */ = {
			isa = PBXFrameworksBuildPhase;
			buildActionMask = 2147483647;
			files = (
				E313AB3B2A2579C6000C5E5D /* FirebaseCrashlytics in Frameworks */,
				E313AB372A2579A6000C5E5D /* FirebaseAuth in Frameworks */,
				E313AB392A2579AF000C5E5D /* FirebaseStorage in Frameworks */,
			);
			runOnlyForDeploymentPostprocessing = 0;
		};
		E3A135D129FAFD6D006C0CAD /* Frameworks */ = {
			isa = PBXFrameworksBuildPhase;
			buildActionMask = 2147483647;
			files = (
				E32A65152A0DB5780002E365 /* iOSDropDown.framework in Frameworks */,
				E36ABC332A1D487F00CE6CCE /* FirebaseCrashlytics in Frameworks */,
				E36ABC312A1D487F00CE6CCE /* FirebaseAuth in Frameworks */,
				E36ABC352A1D487F00CE6CCE /* FirebaseStorage in Frameworks */,
				3E60609998DFD33D3F463463 /* Pods_EGarciaEcommerce.framework in Frameworks */,
				A9845753861102C8AEDD0E32 /* (null) in Frameworks */,
			);
			runOnlyForDeploymentPostprocessing = 0;
		};
		E3AF22B12A269DED002BF4AE /* Frameworks */ = {
			isa = PBXFrameworksBuildPhase;
			buildActionMask = 2147483647;
			files = (
			);
			runOnlyForDeploymentPostprocessing = 0;
		};
		E3B5DC2D2A1FE53600A4373A /* Frameworks */ = {
			isa = PBXFrameworksBuildPhase;
			buildActionMask = 2147483647;
			files = (
				E3B5DC6D2A1FF54F00A4373A /* FirebaseCrashlytics in Frameworks */,
				E3B5DC692A1FF4EE00A4373A /* FirebaseAuth in Frameworks */,
				E3B5DC6B2A1FF4FB00A4373A /* FirebaseStorage in Frameworks */,
				604687F948910ECCF6FEB642 /* Pods_EGarciaEcommerceVenta.framework in Frameworks */,
			);
			runOnlyForDeploymentPostprocessing = 0;
		};
/* End PBXFrameworksBuildPhase section */

/* Begin PBXGroup section */
		1A1D959AC57A2772AD1CBB43 /* Pods */ = {
			isa = PBXGroup;
			children = (
				EAEE88CA2D2999ADEC77EBED /* Pods-EGarciaEcommerce.debug.xcconfig */,
				8A28EC3658DF939E3E0767A5 /* Pods-EGarciaEcommerce.release.xcconfig */,
				B96C34FED1516F1430EF1DD3 /* Pods-EGarciaEcommerceVenta.debug.xcconfig */,
				1179D167137C70CB032FCF0B /* Pods-EGarciaEcommerceVenta.release.xcconfig */,
			);
			path = Pods;
			sourceTree = "<group>";
		};
		9A74304952A5662F709C83AB /* Frameworks */ = {
			isa = PBXGroup;
			children = (
				E36817052A250809009E2AE9 /* SwipeCellKit.framework */,
				E32A65142A0DB5780002E365 /* iOSDropDown.framework */,
				E32A65102A0DB50D0002E365 /* iOSDropDown.framework */,
				021AFB6C2A04FA5F1D6A81F4 /* Pods_EGarciaEcommerce.framework */,
				8CCDC64F66EAF3871959D3F1 /* Pods_EGarciaEcommerceVenta.framework */,
			);
			name = Frameworks;
			sourceTree = "<group>";
		};
		E313AB2B2A257784000C5E5D /* EGarciaEcommerceVentaTests */ = {
			isa = PBXGroup;
			children = (
				E313AB2C2A257784000C5E5D /* EGarciaEcommerceVentaTests.swift */,
			);
			path = EGarciaEcommerceVentaTests;
			sourceTree = "<group>";
		};
		E33B71DB2A140C5600C1CB6D /* Producto */ = {
			isa = PBXGroup;
			children = (
				E33B71DE2A140DD600C1CB6D /* FormProductoController.swift */,
				E33B71DC2A140CB700C1CB6D /* GetAllProductoController.swift */,
			);
			path = Producto;
			sourceTree = "<group>";
		};
		E33B71E02A140EDB00C1CB6D /* Producto */ = {
			isa = PBXGroup;
			children = (
				E33B71E12A140EFB00C1CB6D /* ProductoViewModel.swift */,
			);
			path = Producto;
			sourceTree = "<group>";
		};
		E33B71E32A140F1900C1CB6D /* Producto */ = {
			isa = PBXGroup;
			children = (
				E33B71E52A140F3900C1CB6D /* ProductoCell.xib */,
				E33B71E42A140F3900C1CB6D /* ProductoCell.swift */,
				E3CC03AF2A1E9FD100CA9937 /* ProductoCollectionViewCell.swift */,
				E3CC03B02A1E9FD100CA9937 /* ProductoCollectionViewCell.xib */,
			);
			path = Producto;
			sourceTree = "<group>";
		};
		E36ABC3A2A1D4C7C00CE6CCE /* Departamento */ = {
			isa = PBXGroup;
			children = (
				E36ABC3F2A1D758F00CE6CCE /* AreaDepartamentoCell.swift */,
				E36ABC402A1D758F00CE6CCE /* AreaDepartamentoCell.xib */,
			);
			path = Departamento;
			sourceTree = "<group>";
		};
		E37347A72A1571E2000D4E63 /* Proveedor */ = {
			isa = PBXGroup;
			children = (
				E37347AB2A157221000D4E63 /* ProveedorViewModel.swift */,
			);
			path = Proveedor;
			sourceTree = "<group>";
		};
		E37347A82A1571EA000D4E63 /* Departamento */ = {
			isa = PBXGroup;
			children = (
				E37347A92A157209000D4E63 /* DepartamentoViewModel.swift */,
			);
			path = Departamento;
			sourceTree = "<group>";
		};
		E382C65D2A04363100D22EFA /* Model */ = {
			isa = PBXGroup;
			children = (
				E3FEE8B92A0ACB7F00315063 /* Rol.swift */,
				E30620382A018C61005D4246 /* Result.swift */,
				E32B57BF29FC54FA00A1EA76 /* Usuario.swift */,
				E33B71EA2A140F7900C1CB6D /* Proveedor.swift */,
				E33B71EC2A140F8E00C1CB6D /* Departamento.swift */,
				E33B71EE2A140F9B00C1CB6D /* Area.swift */,
				E37347A52A156542000D4E63 /* Producto.swift */,
			);
			path = Model;
			sourceTree = "<group>";
		};
		E382C65E2A04363800D22EFA /* View */ = {
			isa = PBXGroup;
			children = (
				E36ABC3A2A1D4C7C00CE6CCE /* Departamento */,
				E33B71E32A140F1900C1CB6D /* Producto */,
				E3FEE8C52A0B077800315063 /* Rol */,
				E3A135E229FAFD6E006C0CAD /* LaunchScreen.storyboard */,
				E3A135DD29FAFD6D006C0CAD /* Main.storyboard */,
				E382C6622A04367F00D22EFA /* Usuario */,
			);
			path = View;
			sourceTree = "<group>";
		};
		E382C65F2A04363D00D22EFA /* ViewModel */ = {
			isa = PBXGroup;
			children = (
				E3D2A1102A16D4F9007BB13F /* Area */,
				E37347A82A1571EA000D4E63 /* Departamento */,
				E37347A72A1571E2000D4E63 /* Proveedor */,
				E33B71E02A140EDB00C1CB6D /* Producto */,
				E3FEE8C92A0B07E900315063 /* Usuario */,
				E3FEE8C82A0B07DC00315063 /* Rol */,
			);
			path = ViewModel;
			sourceTree = "<group>";
		};
		E382C6602A04364600D22EFA /* Util */ = {
			isa = PBXGroup;
			children = (
				E32B57BD29FC541700A1EA76 /* DBManager.swift */,
			);
			path = Util;
			sourceTree = "<group>";
		};
		E382C6612A04366100D22EFA /* Controller */ = {
			isa = PBXGroup;
			children = (
				E3CC03B42A1EB6DD00CA9937 /* Login */,
				E33B71DB2A140C5600C1CB6D /* Producto */,
				E3FEE8C72A0B07AA00315063 /* Rol */,
				E3FEE8C62A0B078600315063 /* Usuario */,
			);
			path = Controller;
			sourceTree = "<group>";
		};
		E382C6622A04367F00D22EFA /* Usuario */ = {
			isa = PBXGroup;
			children = (
				E31117CF2A02ED5400FA2013 /* UsuarioCell.xib */,
				E31117CE2A02ED5400FA2013 /* UsuarioCell.swift */,
			);
			path = Usuario;
			sourceTree = "<group>";
		};
		E3A135CB29FAFD6D006C0CAD = {
			isa = PBXGroup;
			children = (
				E3DA70182A1BFF3F00A6B53E /* GoogleService-Info.plist */,
				E3A135D629FAFD6D006C0CAD /* EGarciaEcommerce */,
				E3B5DC312A1FE53600A4373A /* EGarciaEcommerceVenta */,
				E313AB2B2A257784000C5E5D /* EGarciaEcommerceVentaTests */,
				E3AF22B52A269DED002BF4AE /* EGarciaEcommerceVentaUITests */,
				E3A135D529FAFD6D006C0CAD /* Products */,
				1A1D959AC57A2772AD1CBB43 /* Pods */,
				9A74304952A5662F709C83AB /* Frameworks */,
			);
			sourceTree = "<group>";
		};
		E3A135D529FAFD6D006C0CAD /* Products */ = {
			isa = PBXGroup;
			children = (
				E3A135D429FAFD6D006C0CAD /* EGarciaEcommerce.app */,
				E3B5DC302A1FE53600A4373A /* EGarciaEcommerceVenta.app */,
				E313AB2A2A257784000C5E5D /* EGarciaEcommerceVentaTests.xctest */,
				E3AF22B42A269DED002BF4AE /* EGarciaEcommerceVentaUITests.xctest */,
			);
			name = Products;
			sourceTree = "<group>";
		};
		E3A135D629FAFD6D006C0CAD /* EGarciaEcommerce */ = {
			isa = PBXGroup;
			children = (
				E3B5DC442A1FE58C00A4373A /* EGarciaEcommerce.entitlements */,
				E382C6612A04366100D22EFA /* Controller */,
				E382C6602A04364600D22EFA /* Util */,
				E382C65F2A04363D00D22EFA /* ViewModel */,
				E382C65E2A04363800D22EFA /* View */,
				E382C65D2A04363100D22EFA /* Model */,
				E3A135D729FAFD6D006C0CAD /* AppDelegate.swift */,
				E3A135D929FAFD6D006C0CAD /* SceneDelegate.swift */,
				E3A135E029FAFD6E006C0CAD /* Assets.xcassets */,
				E3A135E529FAFD6E006C0CAD /* Info.plist */,
				E32B57C129FC5DB200A1EA76 /* EGarciaBD.db */,
			);
			path = EGarciaEcommerce;
			sourceTree = "<group>";
		};
		E3AF22B52A269DED002BF4AE /* EGarciaEcommerceVentaUITests */ = {
			isa = PBXGroup;
			children = (
				E3AF22B62A269DED002BF4AE /* EGarciaEcommerceVentaUITests.swift */,
				E3AF22B82A269DED002BF4AE /* EGarciaEcommerceVentaUITestsLaunchTests.swift */,
			);
			path = EGarciaEcommerceVentaUITests;
			sourceTree = "<group>";
		};
		E3B5DC312A1FE53600A4373A /* EGarciaEcommerceVenta */ = {
			isa = PBXGroup;
			children = (
				E3B5DC512A1FE9EF00A4373A /* View */,
				E3B5DC502A1FE9E000A4373A /* Controller */,
				E3B5DC4F2A1FE9A400A4373A /* ViewModel */,
				E3B5DC4E2A1FE99A00A4373A /* Model */,
				E3B5DC452A1FE60600A4373A /* EGarciaEcommerceVenta.entitlements */,
				E3B5DC322A1FE53600A4373A /* AppDelegate.swift */,
				E3B5DC732A20094B00A4373A /* EGarciaEcommerce.xcdatamodeld */,
				E3B5DC342A1FE53600A4373A /* SceneDelegate.swift */,
				E3B5DC382A1FE53600A4373A /* Main.storyboard */,
				E3B5DC3B2A1FE53700A4373A /* Assets.xcassets */,
				E3B5DC3D2A1FE53700A4373A /* LaunchScreen.storyboard */,
				E3B5DC402A1FE53700A4373A /* Info.plist */,
			);
			path = EGarciaEcommerceVenta;
			sourceTree = "<group>";
		};
		E3B5DC4E2A1FE99A00A4373A /* Model */ = {
			isa = PBXGroup;
			children = (
				E3E6AB3B2A2141D7001813D8 /* Venta.swift */,
			);
			path = Model;
			sourceTree = "<group>";
		};
		E3B5DC4F2A1FE9A400A4373A /* ViewModel */ = {
			isa = PBXGroup;
			children = (
				E3E6AB392A213CA9001813D8 /* CarritoViewModel.swift */,
			);
			path = ViewModel;
			sourceTree = "<group>";
		};
		E3B5DC502A1FE9E000A4373A /* Controller */ = {
			isa = PBXGroup;
			children = (
				E3B5DC542A1FEC2C00A4373A /* AreaController.swift */,
				E3B5DC562A1FEC9500A4373A /* ProductoCollectionController.swift */,
				E3B5DC582A1FECEB00A4373A /* DepartamentoController.swift */,
				E3B5DC6E2A1FF67A00A4373A /* LoginController.swift */,
				E3B5DC702A1FF6B800A4373A /* RegistroController.swift */,
				E3E6AB3D2A214329001813D8 /* CarritoController.swift */,
				E38B7AAB2A2A841700D72816 /* ResumenController.swift */,
			);
			path = Controller;
			sourceTree = "<group>";
		};
		E3B5DC512A1FE9EF00A4373A /* View */ = {
			isa = PBXGroup;
			children = (
				E3E6AB442A214668001813D8 /* Carrito */,
				E3B5DC5F2A1FEF0300A4373A /* Producto */,
				E3B5DC5A2A1FED9000A4373A /* Departamento */,
			);
			path = View;
			sourceTree = "<group>";
		};
		E3B5DC5A2A1FED9000A4373A /* Departamento */ = {
			isa = PBXGroup;
			children = (
				E3B5DC5B2A1FEDC900A4373A /* AreaDepartamentoCell.swift */,
				E3B5DC5C2A1FEDC900A4373A /* AreaDepartamentoCell.xib */,
			);
			path = Departamento;
			sourceTree = "<group>";
		};
		E3B5DC5F2A1FEF0300A4373A /* Producto */ = {
			isa = PBXGroup;
			children = (
				E3B5DC622A1FEF5C00A4373A /* ProductoCollectionViewCell.swift */,
				E3B5DC632A1FEF5C00A4373A /* ProductoCollectionViewCell.xib */,
			);
			path = Producto;
			sourceTree = "<group>";
		};
		E3CC03B42A1EB6DD00CA9937 /* Login */ = {
			isa = PBXGroup;
			children = (
				E3C680E12A181F3900BCCF12 /* LoginController.swift */,
				E3DA701A2A1C00B300A6B53E /* RegistroController.swift */,
			);
			path = Login;
			sourceTree = "<group>";
		};
		E3D2A1102A16D4F9007BB13F /* Area */ = {
			isa = PBXGroup;
			children = (
				E3D2A1112A16D50E007BB13F /* AreaViewModel.swift */,
			);
			path = Area;
			sourceTree = "<group>";
		};
		E3E6AB442A214668001813D8 /* Carrito */ = {
			isa = PBXGroup;
			children = (
				E3E6AB452A214688001813D8 /* CarritoCell.swift */,
				E3E6AB462A214688001813D8 /* CarritoCell.xib */,
			);
			path = Carrito;
			sourceTree = "<group>";
		};
		E3FEE8C52A0B077800315063 /* Rol */ = {
			isa = PBXGroup;
			children = (
				E3FEE8CB2A0B086800315063 /* RolCell.xib */,
				E3FEE8CA2A0B086800315063 /* RolCell.swift */,
			);
			path = Rol;
			sourceTree = "<group>";
		};
		E3FEE8C62A0B078600315063 /* Usuario */ = {
			isa = PBXGroup;
			children = (
				E31117CC2A02E80800FA2013 /* GetAllUsuarioController.swift */,
				E3A135DB29FAFD6D006C0CAD /* FormController.swift */,
			);
			path = Usuario;
			sourceTree = "<group>";
		};
		E3FEE8C72A0B07AA00315063 /* Rol */ = {
			isa = PBXGroup;
			children = (
				E3FEE8C12A0AE52A00315063 /* FormRolController.swift */,
				E3FEE8C32A0AE5BA00315063 /* GetAllRolController.swift */,
			);
			path = Rol;
			sourceTree = "<group>";
		};
		E3FEE8C82A0B07DC00315063 /* Rol */ = {
			isa = PBXGroup;
			children = (
				E3FEE8BB2A0ACC1400315063 /* RolViewModel.swift */,
			);
			path = Rol;
			sourceTree = "<group>";
		};
		E3FEE8C92A0B07E900315063 /* Usuario */ = {
			isa = PBXGroup;
			children = (
				E382C6652A04371900D22EFA /* UsuarioViewModel.swift */,
			);
			path = Usuario;
			sourceTree = "<group>";
		};
/* End PBXGroup section */

/* Begin PBXNativeTarget section */
		E313AB292A257784000C5E5D /* EGarciaEcommerceVentaTests */ = {
			isa = PBXNativeTarget;
			buildConfigurationList = E313AB322A257784000C5E5D /* Build configuration list for PBXNativeTarget "EGarciaEcommerceVentaTests" */;
			buildPhases = (
				E313AB262A257784000C5E5D /* Sources */,
				E313AB272A257784000C5E5D /* Frameworks */,
				E313AB282A257784000C5E5D /* Resources */,
			);
			buildRules = (
			);
			dependencies = (
				E313AB2F2A257784000C5E5D /* PBXTargetDependency */,
			);
			name = EGarciaEcommerceVentaTests;
			packageProductDependencies = (
				E313AB362A2579A6000C5E5D /* FirebaseAuth */,
				E313AB382A2579AF000C5E5D /* FirebaseStorage */,
				E313AB3A2A2579C6000C5E5D /* FirebaseCrashlytics */,
			);
			productName = EGarciaEcommerceVentaTests;
			productReference = E313AB2A2A257784000C5E5D /* EGarciaEcommerceVentaTests.xctest */;
			productType = "com.apple.product-type.bundle.unit-test";
		};
		E3A135D329FAFD6D006C0CAD /* EGarciaEcommerce */ = {
			isa = PBXNativeTarget;
			buildConfigurationList = E3A135E829FAFD6E006C0CAD /* Build configuration list for PBXNativeTarget "EGarciaEcommerce" */;
			buildPhases = (
				22EEA95031F7EC2233A3FC9B /* [CP] Check Pods Manifest.lock */,
				E3A135D029FAFD6D006C0CAD /* Sources */,
				E3A135D129FAFD6D006C0CAD /* Frameworks */,
				E3A135D229FAFD6D006C0CAD /* Resources */,
				A3ACDC3C8BBDE59418EE5C69 /* [CP] Embed Pods Frameworks */,
			);
			buildRules = (
			);
			dependencies = (
			);
			name = EGarciaEcommerce;
			packageProductDependencies = (
				E36ABC302A1D487F00CE6CCE /* FirebaseAuth */,
				E36ABC322A1D487F00CE6CCE /* FirebaseCrashlytics */,
				E36ABC342A1D487F00CE6CCE /* FirebaseStorage */,
			);
			productName = EGarciaEcommerce;
			productReference = E3A135D429FAFD6D006C0CAD /* EGarciaEcommerce.app */;
			productType = "com.apple.product-type.application";
		};
		E3AF22B32A269DED002BF4AE /* EGarciaEcommerceVentaUITests */ = {
			isa = PBXNativeTarget;
			buildConfigurationList = E3AF22BC2A269DED002BF4AE /* Build configuration list for PBXNativeTarget "EGarciaEcommerceVentaUITests" */;
			buildPhases = (
				E3AF22B02A269DED002BF4AE /* Sources */,
				E3AF22B12A269DED002BF4AE /* Frameworks */,
				E3AF22B22A269DED002BF4AE /* Resources */,
			);
			buildRules = (
			);
			dependencies = (
				E3AF22BB2A269DED002BF4AE /* PBXTargetDependency */,
			);
			name = EGarciaEcommerceVentaUITests;
			productName = EGarciaEcommerceVentaUITests;
			productReference = E3AF22B42A269DED002BF4AE /* EGarciaEcommerceVentaUITests.xctest */;
			productType = "com.apple.product-type.bundle.ui-testing";
		};
		E3B5DC2F2A1FE53600A4373A /* EGarciaEcommerceVenta */ = {
			isa = PBXNativeTarget;
			buildConfigurationList = E3B5DC432A1FE53700A4373A /* Build configuration list for PBXNativeTarget "EGarciaEcommerceVenta" */;
			buildPhases = (
				3F0F4DA0229C75C11F575E73 /* [CP] Check Pods Manifest.lock */,
				E3B5DC2C2A1FE53600A4373A /* Sources */,
				E3B5DC2D2A1FE53600A4373A /* Frameworks */,
				E3B5DC2E2A1FE53600A4373A /* Resources */,
				5BE5850FCBD6AC8F087378AA /* [CP] Embed Pods Frameworks */,
				E3E0DF312A27D4A00066CC9C /* ShellScript */,
			);
			buildRules = (
			);
			dependencies = (
			);
			name = EGarciaEcommerceVenta;
			packageProductDependencies = (
				E3B5DC682A1FF4EE00A4373A /* FirebaseAuth */,
				E3B5DC6A2A1FF4FB00A4373A /* FirebaseStorage */,
				E3B5DC6C2A1FF54F00A4373A /* FirebaseCrashlytics */,
			);
			productName = EGarciaEcommerceVenta;
			productReference = E3B5DC302A1FE53600A4373A /* EGarciaEcommerceVenta.app */;
			productType = "com.apple.product-type.application";
		};
/* End PBXNativeTarget section */

/* Begin PBXProject section */
		E3A135CC29FAFD6D006C0CAD /* Project object */ = {
			isa = PBXProject;
			attributes = {
				BuildIndependentTargetsInParallel = 1;
				LastSwiftUpdateCheck = 1430;
				LastUpgradeCheck = 1430;
				TargetAttributes = {
					E313AB292A257784000C5E5D = {
						CreatedOnToolsVersion = 14.3;
						TestTargetID = E3B5DC2F2A1FE53600A4373A;
					};
					E3A135D329FAFD6D006C0CAD = {
						CreatedOnToolsVersion = 14.3;
					};
					E3AF22B32A269DED002BF4AE = {
						CreatedOnToolsVersion = 14.3;
						TestTargetID = E3B5DC2F2A1FE53600A4373A;
					};
					E3B5DC2F2A1FE53600A4373A = {
						CreatedOnToolsVersion = 14.3;
					};
				};
			};
			buildConfigurationList = E3A135CF29FAFD6D006C0CAD /* Build configuration list for PBXProject "EGarciaEcommerce" */;
			compatibilityVersion = "Xcode 14.0";
			developmentRegion = en;
			hasScannedForEncodings = 0;
			knownRegions = (
				en,
				Base,
			);
			mainGroup = E3A135CB29FAFD6D006C0CAD;
			packageReferences = (
				E36ABC2F2A1D487F00CE6CCE /* XCRemoteSwiftPackageReference "firebase-ios-sdk" */,
			);
			productRefGroup = E3A135D529FAFD6D006C0CAD /* Products */;
			projectDirPath = "";
			projectRoot = "";
			targets = (
				E3A135D329FAFD6D006C0CAD /* EGarciaEcommerce */,
				E3B5DC2F2A1FE53600A4373A /* EGarciaEcommerceVenta */,
				E313AB292A257784000C5E5D /* EGarciaEcommerceVentaTests */,
				E3AF22B32A269DED002BF4AE /* EGarciaEcommerceVentaUITests */,
			);
		};
/* End PBXProject section */

/* Begin PBXResourcesBuildPhase section */
		E313AB282A257784000C5E5D /* Resources */ = {
			isa = PBXResourcesBuildPhase;
			buildActionMask = 2147483647;
			files = (
			);
			runOnlyForDeploymentPostprocessing = 0;
		};
		E3A135D229FAFD6D006C0CAD /* Resources */ = {
			isa = PBXResourcesBuildPhase;
			buildActionMask = 2147483647;
			files = (
				E31117D12A02ED5400FA2013 /* UsuarioCell.xib in Resources */,
				E36ABC422A1D758F00CE6CCE /* AreaDepartamentoCell.xib in Resources */,
				E3CC03B22A1E9FD100CA9937 /* ProductoCollectionViewCell.xib in Resources */,
				E3A135E429FAFD6E006C0CAD /* LaunchScreen.storyboard in Resources */,
				E3A135E129FAFD6E006C0CAD /* Assets.xcassets in Resources */,
				E3FEE8CD2A0B086800315063 /* RolCell.xib in Resources */,
				E3A135DF29FAFD6D006C0CAD /* Main.storyboard in Resources */,
				E33B71E72A140F3900C1CB6D /* ProductoCell.xib in Resources */,
				E3DA70192A1BFF3F00A6B53E /* GoogleService-Info.plist in Resources */,
			);
			runOnlyForDeploymentPostprocessing = 0;
		};
		E3AF22B22A269DED002BF4AE /* Resources */ = {
			isa = PBXResourcesBuildPhase;
			buildActionMask = 2147483647;
			files = (
			);
			runOnlyForDeploymentPostprocessing = 0;
		};
		E3B5DC2E2A1FE53600A4373A /* Resources */ = {
			isa = PBXResourcesBuildPhase;
			buildActionMask = 2147483647;
			files = (
				E3B5DC3F2A1FE53700A4373A /* LaunchScreen.storyboard in Resources */,
				E3B5DC3C2A1FE53700A4373A /* Assets.xcassets in Resources */,
				E3B5DC5E2A1FEDC900A4373A /* AreaDepartamentoCell.xib in Resources */,
				E3B5DC3A2A1FE53600A4373A /* Main.storyboard in Resources */,
				E3E6AB482A214688001813D8 /* CarritoCell.xib in Resources */,
				E3B5DC652A1FEF5C00A4373A /* ProductoCollectionViewCell.xib in Resources */,
			);
			runOnlyForDeploymentPostprocessing = 0;
		};
/* End PBXResourcesBuildPhase section */

/* Begin PBXShellScriptBuildPhase section */
		22EEA95031F7EC2233A3FC9B /* [CP] Check Pods Manifest.lock */ = {
			isa = PBXShellScriptBuildPhase;
			buildActionMask = 2147483647;
			files = (
			);
			inputFileListPaths = (
			);
			inputPaths = (
				"${PODS_PODFILE_DIR_PATH}/Podfile.lock",
				"${PODS_ROOT}/Manifest.lock",
			);
			name = "[CP] Check Pods Manifest.lock";
			outputFileListPaths = (
			);
			outputPaths = (
				"$(DERIVED_FILE_DIR)/Pods-EGarciaEcommerce-checkManifestLockResult.txt",
			);
			runOnlyForDeploymentPostprocessing = 0;
			shellPath = /bin/sh;
			shellScript = "diff \"${PODS_PODFILE_DIR_PATH}/Podfile.lock\" \"${PODS_ROOT}/Manifest.lock\" > /dev/null\nif [ $? != 0 ] ; then\n    # print error to STDERR\n    echo \"error: The sandbox is not in sync with the Podfile.lock. Run 'pod install' or update your CocoaPods installation.\" >&2\n    exit 1\nfi\n# This output is used by Xcode 'outputs' to avoid re-running this script phase.\necho \"SUCCESS\" > \"${SCRIPT_OUTPUT_FILE_0}\"\n";
			showEnvVarsInLog = 0;
		};
		3F0F4DA0229C75C11F575E73 /* [CP] Check Pods Manifest.lock */ = {
			isa = PBXShellScriptBuildPhase;
			buildActionMask = 2147483647;
			files = (
			);
			inputFileListPaths = (
			);
			inputPaths = (
				"${PODS_PODFILE_DIR_PATH}/Podfile.lock",
				"${PODS_ROOT}/Manifest.lock",
			);
			name = "[CP] Check Pods Manifest.lock";
			outputFileListPaths = (
			);
			outputPaths = (
				"$(DERIVED_FILE_DIR)/Pods-EGarciaEcommerceVenta-checkManifestLockResult.txt",
			);
			runOnlyForDeploymentPostprocessing = 0;
			shellPath = /bin/sh;
			shellScript = "diff \"${PODS_PODFILE_DIR_PATH}/Podfile.lock\" \"${PODS_ROOT}/Manifest.lock\" > /dev/null\nif [ $? != 0 ] ; then\n    # print error to STDERR\n    echo \"error: The sandbox is not in sync with the Podfile.lock. Run 'pod install' or update your CocoaPods installation.\" >&2\n    exit 1\nfi\n# This output is used by Xcode 'outputs' to avoid re-running this script phase.\necho \"SUCCESS\" > \"${SCRIPT_OUTPUT_FILE_0}\"\n";
			showEnvVarsInLog = 0;
		};
		5BE5850FCBD6AC8F087378AA /* [CP] Embed Pods Frameworks */ = {
			isa = PBXShellScriptBuildPhase;
			buildActionMask = 2147483647;
			files = (
			);
			inputFileListPaths = (
				"${PODS_ROOT}/Target Support Files/Pods-EGarciaEcommerceVenta/Pods-EGarciaEcommerceVenta-frameworks-${CONFIGURATION}-input-files.xcfilelist",
			);
			name = "[CP] Embed Pods Frameworks";
			outputFileListPaths = (
				"${PODS_ROOT}/Target Support Files/Pods-EGarciaEcommerceVenta/Pods-EGarciaEcommerceVenta-frameworks-${CONFIGURATION}-output-files.xcfilelist",
			);
			runOnlyForDeploymentPostprocessing = 0;
			shellPath = /bin/sh;
			shellScript = "\"${PODS_ROOT}/Target Support Files/Pods-EGarciaEcommerceVenta/Pods-EGarciaEcommerceVenta-frameworks.sh\"\n";
			showEnvVarsInLog = 0;
		};
		A3ACDC3C8BBDE59418EE5C69 /* [CP] Embed Pods Frameworks */ = {
			isa = PBXShellScriptBuildPhase;
			buildActionMask = 2147483647;
			files = (
			);
			inputFileListPaths = (
				"${PODS_ROOT}/Target Support Files/Pods-EGarciaEcommerce/Pods-EGarciaEcommerce-frameworks-${CONFIGURATION}-input-files.xcfilelist",
			);
			name = "[CP] Embed Pods Frameworks";
			outputFileListPaths = (
				"${PODS_ROOT}/Target Support Files/Pods-EGarciaEcommerce/Pods-EGarciaEcommerce-frameworks-${CONFIGURATION}-output-files.xcfilelist",
			);
			runOnlyForDeploymentPostprocessing = 0;
			shellPath = /bin/sh;
			shellScript = "\"${PODS_ROOT}/Target Support Files/Pods-EGarciaEcommerce/Pods-EGarciaEcommerce-frameworks.sh\"\n";
			showEnvVarsInLog = 0;
		};
		E3E0DF312A27D4A00066CC9C /* ShellScript */ = {
			isa = PBXShellScriptBuildPhase;
			buildActionMask = 12;
			files = (
			);
			inputFileListPaths = (
			);
			inputPaths = (
				"${DWARF_DSYM_FOLDER_PATH}/${DWARF_DSYM_FILE_NAME}/Contents/Resources/DWARF/${TARGET_NAME}",
				"$(SRCROOT)/$(BUILT_PRODUCTS_DIR)/$(INFOPLIST_PATH)",
			);
			outputFileListPaths = (
			);
			outputPaths = (
			);
			runOnlyForDeploymentPostprocessing = 0;
			shellPath = /bin/sh;
			shellScript = "# Type a script or drag a script file from your workspace to insert its path.\n\"${BUILD_DIR%/Build/*}/SourcePackages/checkouts/firebase-ios-sdk/Crashlytics/run\"\n";
		};
/* End PBXShellScriptBuildPhase section */

/* Begin PBXSourcesBuildPhase section */
		E313AB262A257784000C5E5D /* Sources */ = {
			isa = PBXSourcesBuildPhase;
			buildActionMask = 2147483647;
			files = (
				E313AB2D2A257784000C5E5D /* EGarciaEcommerceVentaTests.swift in Sources */,
			);
			runOnlyForDeploymentPostprocessing = 0;
		};
		E3A135D029FAFD6D006C0CAD /* Sources */ = {
			isa = PBXSourcesBuildPhase;
			buildActionMask = 2147483647;
			files = (
				E30620392A018C61005D4246 /* Result.swift in Sources */,
				E32B57BE29FC541700A1EA76 /* DBManager.swift in Sources */,
				E3FEE8C22A0AE52A00315063 /* FormRolController.swift in Sources */,
				E3C680E22A181F3900BCCF12 /* LoginController.swift in Sources */,
				E3CC03B12A1E9FD100CA9937 /* ProductoCollectionViewCell.swift in Sources */,
				E33B71DD2A140CB700C1CB6D /* GetAllProductoController.swift in Sources */,
				E33B71EB2A140F7900C1CB6D /* Proveedor.swift in Sources */,
				E33B71E22A140EFB00C1CB6D /* ProductoViewModel.swift in Sources */,
				E3FEE8CC2A0B086800315063 /* RolCell.swift in Sources */,
				E3FEE8BC2A0ACC1400315063 /* RolViewModel.swift in Sources */,
				E33B71E62A140F3900C1CB6D /* ProductoCell.swift in Sources */,
				E33B71ED2A140F8E00C1CB6D /* Departamento.swift in Sources */,
				E31117CD2A02E80800FA2013 /* GetAllUsuarioController.swift in Sources */,
				E37347A62A156542000D4E63 /* Producto.swift in Sources */,
				E3D2A1122A16D50E007BB13F /* AreaViewModel.swift in Sources */,
				E37347AA2A157209000D4E63 /* DepartamentoViewModel.swift in Sources */,
				E3A135DC29FAFD6D006C0CAD /* FormController.swift in Sources */,
				E3DA701B2A1C00B300A6B53E /* RegistroController.swift in Sources */,
				E36ABC412A1D758F00CE6CCE /* AreaDepartamentoCell.swift in Sources */,
				E3FEE8C42A0AE5BA00315063 /* GetAllRolController.swift in Sources */,
				E31117D02A02ED5400FA2013 /* UsuarioCell.swift in Sources */,
				E3FEE8BA2A0ACB7F00315063 /* Rol.swift in Sources */,
				E3A135D829FAFD6D006C0CAD /* AppDelegate.swift in Sources */,
				E382C6662A04371900D22EFA /* UsuarioViewModel.swift in Sources */,
				E32B57C029FC54FA00A1EA76 /* Usuario.swift in Sources */,
				E3A135DA29FAFD6D006C0CAD /* SceneDelegate.swift in Sources */,
				E37347AC2A157221000D4E63 /* ProveedorViewModel.swift in Sources */,
				E33B71EF2A140F9B00C1CB6D /* Area.swift in Sources */,
				E33B71DF2A140DD600C1CB6D /* FormProductoController.swift in Sources */,
			);
			runOnlyForDeploymentPostprocessing = 0;
		};
		E3AF22B02A269DED002BF4AE /* Sources */ = {
			isa = PBXSourcesBuildPhase;
			buildActionMask = 2147483647;
			files = (
				E3AF22B72A269DED002BF4AE /* EGarciaEcommerceVentaUITests.swift in Sources */,
				E3AF22B92A269DED002BF4AE /* EGarciaEcommerceVentaUITestsLaunchTests.swift in Sources */,
			);
			runOnlyForDeploymentPostprocessing = 0;
		};
		E3B5DC2C2A1FE53600A4373A /* Sources */ = {
			isa = PBXSourcesBuildPhase;
			buildActionMask = 2147483647;
			files = (
				E3B5DC722A20063D00A4373A /* GoogleService-Info.plist in Sources */,
				E3B5DC662A1FF1B700A4373A /* Proveedor.swift in Sources */,
				E3B5DC4D2A1FE95900A4373A /* ProductoViewModel.swift in Sources */,
				E3B5DC572A1FEC9500A4373A /* ProductoCollectionController.swift in Sources */,
				E3B5DC592A1FECEB00A4373A /* DepartamentoController.swift in Sources */,
				E3B5DC642A1FEF5C00A4373A /* ProductoCollectionViewCell.swift in Sources */,
				E3B5DC552A1FEC2C00A4373A /* AreaController.swift in Sources */,
				E3B5DC4C2A1FE94E00A4373A /* DepartamentoViewModel.swift in Sources */,
				E3B5DC4B2A1FE94500A4373A /* AreaViewModel.swift in Sources */,
				E3B5DC5D2A1FEDC900A4373A /* AreaDepartamentoCell.swift in Sources */,
				E3E6AB3E2A214329001813D8 /* CarritoController.swift in Sources */,
				E3B5DC4A2A1FE92D00A4373A /* DBManager.swift in Sources */,
				E3B5DC492A1FE92000A4373A /* Producto.swift in Sources */,
				E3E6AB3C2A2141D7001813D8 /* Venta.swift in Sources */,
				E3B5DC6F2A1FF67A00A4373A /* LoginController.swift in Sources */,
				E3B5DC752A20094B00A4373A /* EGarciaEcommerce.xcdatamodeld in Sources */,
				E3B5DC482A1FE90F00A4373A /* Area.swift in Sources */,
				E3B5DC472A1FE8FB00A4373A /* Departamento.swift in Sources */,
				E3B5DC462A1FE8DD00A4373A /* Result.swift in Sources */,
				E3E6AB472A214688001813D8 /* CarritoCell.swift in Sources */,
				E3B5DC332A1FE53600A4373A /* AppDelegate.swift in Sources */,
				E3E6AB3A2A213CA9001813D8 /* CarritoViewModel.swift in Sources */,
				E38B7AAC2A2A841700D72816 /* ResumenController.swift in Sources */,
				E3B5DC712A1FF6B800A4373A /* RegistroController.swift in Sources */,
				E3B5DC352A1FE53600A4373A /* SceneDelegate.swift in Sources */,
			);
			runOnlyForDeploymentPostprocessing = 0;
		};
/* End PBXSourcesBuildPhase section */

/* Begin PBXTargetDependency section */
		E313AB2F2A257784000C5E5D /* PBXTargetDependency */ = {
			isa = PBXTargetDependency;
			target = E3B5DC2F2A1FE53600A4373A /* EGarciaEcommerceVenta */;
			targetProxy = E313AB2E2A257784000C5E5D /* PBXContainerItemProxy */;
		};
		E3AF22BB2A269DED002BF4AE /* PBXTargetDependency */ = {
			isa = PBXTargetDependency;
			target = E3B5DC2F2A1FE53600A4373A /* EGarciaEcommerceVenta */;
			targetProxy = E3AF22BA2A269DED002BF4AE /* PBXContainerItemProxy */;
		};
/* End PBXTargetDependency section */

/* Begin PBXVariantGroup section */
		E3A135DD29FAFD6D006C0CAD /* Main.storyboard */ = {
			isa = PBXVariantGroup;
			children = (
				E3A135DE29FAFD6D006C0CAD /* Base */,
			);
			name = Main.storyboard;
			sourceTree = "<group>";
		};
		E3A135E229FAFD6E006C0CAD /* LaunchScreen.storyboard */ = {
			isa = PBXVariantGroup;
			children = (
				E3A135E329FAFD6E006C0CAD /* Base */,
			);
			name = LaunchScreen.storyboard;
			sourceTree = "<group>";
		};
		E3B5DC382A1FE53600A4373A /* Main.storyboard */ = {
			isa = PBXVariantGroup;
			children = (
				E3B5DC392A1FE53600A4373A /* Base */,
			);
			name = Main.storyboard;
			sourceTree = "<group>";
		};
		E3B5DC3D2A1FE53700A4373A /* LaunchScreen.storyboard */ = {
			isa = PBXVariantGroup;
			children = (
				E3B5DC3E2A1FE53700A4373A /* Base */,
			);
			name = LaunchScreen.storyboard;
			sourceTree = "<group>";
		};
/* End PBXVariantGroup section */

/* Begin XCBuildConfiguration section */
		E313AB302A257784000C5E5D /* Debug */ = {
			isa = XCBuildConfiguration;
			buildSettings = {
				BUNDLE_LOADER = "$(TEST_HOST)";
				CODE_SIGN_STYLE = Automatic;
				CURRENT_PROJECT_VERSION = 1;
				DEVELOPMENT_TEAM = 8LAT49JHA2;
				GENERATE_INFOPLIST_FILE = YES;
				MARKETING_VERSION = 1.0;
				PRODUCT_BUNDLE_IDENTIFIER = com.digis.EGarciaEcommerceVentaTests;
				PRODUCT_NAME = "$(TARGET_NAME)";
				SWIFT_EMIT_LOC_STRINGS = NO;
				SWIFT_VERSION = 5.0;
				TARGETED_DEVICE_FAMILY = "1,2";
				TEST_HOST = "$(BUILT_PRODUCTS_DIR)/EGarciaEcommerceVenta.app/$(BUNDLE_EXECUTABLE_FOLDER_PATH)/EGarciaEcommerceVenta";
			};
			name = Debug;
		};
		E313AB312A257784000C5E5D /* Release */ = {
			isa = XCBuildConfiguration;
			buildSettings = {
				BUNDLE_LOADER = "$(TEST_HOST)";
				CODE_SIGN_STYLE = Automatic;
				CURRENT_PROJECT_VERSION = 1;
				DEVELOPMENT_TEAM = 8LAT49JHA2;
				GENERATE_INFOPLIST_FILE = YES;
				MARKETING_VERSION = 1.0;
				PRODUCT_BUNDLE_IDENTIFIER = com.digis.EGarciaEcommerceVentaTests;
				PRODUCT_NAME = "$(TARGET_NAME)";
				SWIFT_EMIT_LOC_STRINGS = NO;
				SWIFT_VERSION = 5.0;
				TARGETED_DEVICE_FAMILY = "1,2";
				TEST_HOST = "$(BUILT_PRODUCTS_DIR)/EGarciaEcommerceVenta.app/$(BUNDLE_EXECUTABLE_FOLDER_PATH)/EGarciaEcommerceVenta";
			};
			name = Release;
		};
		E3A135E629FAFD6E006C0CAD /* Debug */ = {
			isa = XCBuildConfiguration;
			buildSettings = {
				ALWAYS_SEARCH_USER_PATHS = NO;
				CLANG_ANALYZER_NONNULL = YES;
				CLANG_ANALYZER_NUMBER_OBJECT_CONVERSION = YES_AGGRESSIVE;
				CLANG_CXX_LANGUAGE_STANDARD = "gnu++20";
				CLANG_ENABLE_MODULES = YES;
				CLANG_ENABLE_OBJC_ARC = YES;
				CLANG_ENABLE_OBJC_WEAK = YES;
				CLANG_WARN_BLOCK_CAPTURE_AUTORELEASING = YES;
				CLANG_WARN_BOOL_CONVERSION = YES;
				CLANG_WARN_COMMA = YES;
				CLANG_WARN_CONSTANT_CONVERSION = YES;
				CLANG_WARN_DEPRECATED_OBJC_IMPLEMENTATIONS = YES;
				CLANG_WARN_DIRECT_OBJC_ISA_USAGE = YES_ERROR;
				CLANG_WARN_DOCUMENTATION_COMMENTS = YES;
				CLANG_WARN_EMPTY_BODY = YES;
				CLANG_WARN_ENUM_CONVERSION = YES;
				CLANG_WARN_INFINITE_RECURSION = YES;
				CLANG_WARN_INT_CONVERSION = YES;
				CLANG_WARN_NON_LITERAL_NULL_CONVERSION = YES;
				CLANG_WARN_OBJC_IMPLICIT_RETAIN_SELF = YES;
				CLANG_WARN_OBJC_LITERAL_CONVERSION = YES;
				CLANG_WARN_OBJC_ROOT_CLASS = YES_ERROR;
				CLANG_WARN_QUOTED_INCLUDE_IN_FRAMEWORK_HEADER = YES;
				CLANG_WARN_RANGE_LOOP_ANALYSIS = YES;
				CLANG_WARN_STRICT_PROTOTYPES = YES;
				CLANG_WARN_SUSPICIOUS_MOVE = YES;
				CLANG_WARN_UNGUARDED_AVAILABILITY = YES_AGGRESSIVE;
				CLANG_WARN_UNREACHABLE_CODE = YES;
				CLANG_WARN__DUPLICATE_METHOD_MATCH = YES;
				COPY_PHASE_STRIP = NO;
				DEBUG_INFORMATION_FORMAT = dwarf;
				ENABLE_STRICT_OBJC_MSGSEND = YES;
				ENABLE_TESTABILITY = YES;
				GCC_C_LANGUAGE_STANDARD = gnu11;
				GCC_DYNAMIC_NO_PIC = NO;
				GCC_NO_COMMON_BLOCKS = YES;
				GCC_OPTIMIZATION_LEVEL = 0;
				GCC_PREPROCESSOR_DEFINITIONS = (
					"DEBUG=1",
					"$(inherited)",
				);
				GCC_WARN_64_TO_32_BIT_CONVERSION = YES;
				GCC_WARN_ABOUT_RETURN_TYPE = YES_ERROR;
				GCC_WARN_UNDECLARED_SELECTOR = YES;
				GCC_WARN_UNINITIALIZED_AUTOS = YES_AGGRESSIVE;
				GCC_WARN_UNUSED_FUNCTION = YES;
				GCC_WARN_UNUSED_VARIABLE = YES;
				IPHONEOS_DEPLOYMENT_TARGET = 16.4;
				MTL_ENABLE_DEBUG_INFO = INCLUDE_SOURCE;
				MTL_FAST_MATH = YES;
				ONLY_ACTIVE_ARCH = YES;
				SDKROOT = iphoneos;
				SWIFT_ACTIVE_COMPILATION_CONDITIONS = DEBUG;
				SWIFT_OPTIMIZATION_LEVEL = "-Onone";
			};
			name = Debug;
		};
		E3A135E729FAFD6E006C0CAD /* Release */ = {
			isa = XCBuildConfiguration;
			buildSettings = {
				ALWAYS_SEARCH_USER_PATHS = NO;
				CLANG_ANALYZER_NONNULL = YES;
				CLANG_ANALYZER_NUMBER_OBJECT_CONVERSION = YES_AGGRESSIVE;
				CLANG_CXX_LANGUAGE_STANDARD = "gnu++20";
				CLANG_ENABLE_MODULES = YES;
				CLANG_ENABLE_OBJC_ARC = YES;
				CLANG_ENABLE_OBJC_WEAK = YES;
				CLANG_WARN_BLOCK_CAPTURE_AUTORELEASING = YES;
				CLANG_WARN_BOOL_CONVERSION = YES;
				CLANG_WARN_COMMA = YES;
				CLANG_WARN_CONSTANT_CONVERSION = YES;
				CLANG_WARN_DEPRECATED_OBJC_IMPLEMENTATIONS = YES;
				CLANG_WARN_DIRECT_OBJC_ISA_USAGE = YES_ERROR;
				CLANG_WARN_DOCUMENTATION_COMMENTS = YES;
				CLANG_WARN_EMPTY_BODY = YES;
				CLANG_WARN_ENUM_CONVERSION = YES;
				CLANG_WARN_INFINITE_RECURSION = YES;
				CLANG_WARN_INT_CONVERSION = YES;
				CLANG_WARN_NON_LITERAL_NULL_CONVERSION = YES;
				CLANG_WARN_OBJC_IMPLICIT_RETAIN_SELF = YES;
				CLANG_WARN_OBJC_LITERAL_CONVERSION = YES;
				CLANG_WARN_OBJC_ROOT_CLASS = YES_ERROR;
				CLANG_WARN_QUOTED_INCLUDE_IN_FRAMEWORK_HEADER = YES;
				CLANG_WARN_RANGE_LOOP_ANALYSIS = YES;
				CLANG_WARN_STRICT_PROTOTYPES = YES;
				CLANG_WARN_SUSPICIOUS_MOVE = YES;
				CLANG_WARN_UNGUARDED_AVAILABILITY = YES_AGGRESSIVE;
				CLANG_WARN_UNREACHABLE_CODE = YES;
				CLANG_WARN__DUPLICATE_METHOD_MATCH = YES;
				COPY_PHASE_STRIP = NO;
				DEBUG_INFORMATION_FORMAT = "dwarf-with-dsym";
				ENABLE_NS_ASSERTIONS = NO;
				ENABLE_STRICT_OBJC_MSGSEND = YES;
				GCC_C_LANGUAGE_STANDARD = gnu11;
				GCC_NO_COMMON_BLOCKS = YES;
				GCC_WARN_64_TO_32_BIT_CONVERSION = YES;
				GCC_WARN_ABOUT_RETURN_TYPE = YES_ERROR;
				GCC_WARN_UNDECLARED_SELECTOR = YES;
				GCC_WARN_UNINITIALIZED_AUTOS = YES_AGGRESSIVE;
				GCC_WARN_UNUSED_FUNCTION = YES;
				GCC_WARN_UNUSED_VARIABLE = YES;
				IPHONEOS_DEPLOYMENT_TARGET = 16.4;
				MTL_ENABLE_DEBUG_INFO = NO;
				MTL_FAST_MATH = YES;
				SDKROOT = iphoneos;
				SWIFT_COMPILATION_MODE = wholemodule;
				SWIFT_OPTIMIZATION_LEVEL = "-O";
				VALIDATE_PRODUCT = YES;
			};
			name = Release;
		};
		E3A135E929FAFD6E006C0CAD /* Debug */ = {
			isa = XCBuildConfiguration;
			baseConfigurationReference = EAEE88CA2D2999ADEC77EBED /* Pods-EGarciaEcommerce.debug.xcconfig */;
			buildSettings = {
				ASSETCATALOG_COMPILER_APPICON_NAME = AppIcon;
				ASSETCATALOG_COMPILER_GLOBAL_ACCENT_COLOR_NAME = AccentColor;
				CODE_SIGN_ENTITLEMENTS = EGarciaEcommerce/EGarciaEcommerce.entitlements;
				CODE_SIGN_STYLE = Automatic;
				CURRENT_PROJECT_VERSION = 1;
				DEVELOPMENT_TEAM = 8LAT49JHA2;
				GENERATE_INFOPLIST_FILE = YES;
				INFOPLIST_FILE = EGarciaEcommerce/Info.plist;
				INFOPLIST_KEY_UIApplicationSupportsIndirectInputEvents = YES;
				INFOPLIST_KEY_UILaunchStoryboardName = LaunchScreen;
				INFOPLIST_KEY_UIMainStoryboardFile = Main;
				INFOPLIST_KEY_UISupportedInterfaceOrientations_iPad = "UIInterfaceOrientationPortrait UIInterfaceOrientationPortraitUpsideDown UIInterfaceOrientationLandscapeLeft UIInterfaceOrientationLandscapeRight";
				INFOPLIST_KEY_UISupportedInterfaceOrientations_iPhone = "UIInterfaceOrientationPortrait UIInterfaceOrientationLandscapeLeft UIInterfaceOrientationLandscapeRight";
				LD_RUNPATH_SEARCH_PATHS = (
					"$(inherited)",
					"@executable_path/Frameworks",
				);
				MARKETING_VERSION = 1.0;
				PRODUCT_BUNDLE_IDENTIFIER = com.digis.EGarciaEcommerce;
				PRODUCT_NAME = "$(TARGET_NAME)";
				SWIFT_EMIT_LOC_STRINGS = YES;
				SWIFT_VERSION = 5.0;
				TARGETED_DEVICE_FAMILY = "1,2";
			};
			name = Debug;
		};
		E3A135EA29FAFD6E006C0CAD /* Release */ = {
			isa = XCBuildConfiguration;
			baseConfigurationReference = 8A28EC3658DF939E3E0767A5 /* Pods-EGarciaEcommerce.release.xcconfig */;
			buildSettings = {
				ASSETCATALOG_COMPILER_APPICON_NAME = AppIcon;
				ASSETCATALOG_COMPILER_GLOBAL_ACCENT_COLOR_NAME = AccentColor;
				CODE_SIGN_ENTITLEMENTS = EGarciaEcommerce/EGarciaEcommerce.entitlements;
				CODE_SIGN_STYLE = Automatic;
				CURRENT_PROJECT_VERSION = 1;
				DEVELOPMENT_TEAM = 8LAT49JHA2;
				GENERATE_INFOPLIST_FILE = YES;
				INFOPLIST_FILE = EGarciaEcommerce/Info.plist;
				INFOPLIST_KEY_UIApplicationSupportsIndirectInputEvents = YES;
				INFOPLIST_KEY_UILaunchStoryboardName = LaunchScreen;
				INFOPLIST_KEY_UIMainStoryboardFile = Main;
				INFOPLIST_KEY_UISupportedInterfaceOrientations_iPad = "UIInterfaceOrientationPortrait UIInterfaceOrientationPortraitUpsideDown UIInterfaceOrientationLandscapeLeft UIInterfaceOrientationLandscapeRight";
				INFOPLIST_KEY_UISupportedInterfaceOrientations_iPhone = "UIInterfaceOrientationPortrait UIInterfaceOrientationLandscapeLeft UIInterfaceOrientationLandscapeRight";
				LD_RUNPATH_SEARCH_PATHS = (
					"$(inherited)",
					"@executable_path/Frameworks",
				);
				MARKETING_VERSION = 1.0;
				PRODUCT_BUNDLE_IDENTIFIER = com.digis.EGarciaEcommerce;
				PRODUCT_NAME = "$(TARGET_NAME)";
				SWIFT_EMIT_LOC_STRINGS = YES;
				SWIFT_VERSION = 5.0;
				TARGETED_DEVICE_FAMILY = "1,2";
			};
			name = Release;
		};
		E3AF22BD2A269DED002BF4AE /* Debug */ = {
			isa = XCBuildConfiguration;
			buildSettings = {
				CODE_SIGN_STYLE = Automatic;
				CURRENT_PROJECT_VERSION = 1;
				DEVELOPMENT_TEAM = 8LAT49JHA2;
				GENERATE_INFOPLIST_FILE = YES;
				MARKETING_VERSION = 1.0;
				PRODUCT_BUNDLE_IDENTIFIER = com.digis.EGarciaEcommerceVentaUITests;
				PRODUCT_NAME = "$(TARGET_NAME)";
				SWIFT_EMIT_LOC_STRINGS = NO;
				SWIFT_VERSION = 5.0;
				TARGETED_DEVICE_FAMILY = "1,2";
				TEST_TARGET_NAME = EGarciaEcommerceVenta;
			};
			name = Debug;
		};
		E3AF22BE2A269DED002BF4AE /* Release */ = {
			isa = XCBuildConfiguration;
			buildSettings = {
				CODE_SIGN_STYLE = Automatic;
				CURRENT_PROJECT_VERSION = 1;
				DEVELOPMENT_TEAM = 8LAT49JHA2;
				GENERATE_INFOPLIST_FILE = YES;
				MARKETING_VERSION = 1.0;
				PRODUCT_BUNDLE_IDENTIFIER = com.digis.EGarciaEcommerceVentaUITests;
				PRODUCT_NAME = "$(TARGET_NAME)";
				SWIFT_EMIT_LOC_STRINGS = NO;
				SWIFT_VERSION = 5.0;
				TARGETED_DEVICE_FAMILY = "1,2";
				TEST_TARGET_NAME = EGarciaEcommerceVenta;
			};
			name = Release;
		};
		E3B5DC412A1FE53700A4373A /* Debug */ = {
			isa = XCBuildConfiguration;
			baseConfigurationReference = B96C34FED1516F1430EF1DD3 /* Pods-EGarciaEcommerceVenta.debug.xcconfig */;
			buildSettings = {
				ASSETCATALOG_COMPILER_APPICON_NAME = AppIcon;
				ASSETCATALOG_COMPILER_GLOBAL_ACCENT_COLOR_NAME = AccentColor;
				CODE_SIGN_ENTITLEMENTS = EGarciaEcommerceVenta/EGarciaEcommerceVenta.entitlements;
				CODE_SIGN_STYLE = Automatic;
				CURRENT_PROJECT_VERSION = 1;
				DEBUG_INFORMATION_FORMAT = "dwarf-with-dsym";
				DEVELOPMENT_TEAM = 8LAT49JHA2;
				GENERATE_INFOPLIST_FILE = YES;
				INFOPLIST_FILE = EGarciaEcommerceVenta/Info.plist;
				INFOPLIST_KEY_UIApplicationSupportsIndirectInputEvents = YES;
				INFOPLIST_KEY_UILaunchStoryboardName = LaunchScreen;
				INFOPLIST_KEY_UIMainStoryboardFile = Main;
				INFOPLIST_KEY_UISupportedInterfaceOrientations_iPad = "UIInterfaceOrientationPortrait UIInterfaceOrientationPortraitUpsideDown UIInterfaceOrientationLandscapeLeft UIInterfaceOrientationLandscapeRight";
				INFOPLIST_KEY_UISupportedInterfaceOrientations_iPhone = "UIInterfaceOrientationPortrait UIInterfaceOrientationLandscapeLeft UIInterfaceOrientationLandscapeRight";
				LD_RUNPATH_SEARCH_PATHS = (
					"$(inherited)",
					"@executable_path/Frameworks",
				);
				MARKETING_VERSION = 1.0;
				PRODUCT_BUNDLE_IDENTIFIER = com.digis.EGarciaEcommerceVenta;
				PRODUCT_NAME = "$(TARGET_NAME)";
				SWIFT_EMIT_LOC_STRINGS = YES;
				SWIFT_VERSION = 5.0;
				TARGETED_DEVICE_FAMILY = "1,2";
			};
			name = Debug;
		};
		E3B5DC422A1FE53700A4373A /* Release */ = {
			isa = XCBuildConfiguration;
			baseConfigurationReference = 1179D167137C70CB032FCF0B /* Pods-EGarciaEcommerceVenta.release.xcconfig */;
			buildSettings = {
				ASSETCATALOG_COMPILER_APPICON_NAME = AppIcon;
				ASSETCATALOG_COMPILER_GLOBAL_ACCENT_COLOR_NAME = AccentColor;
				CODE_SIGN_ENTITLEMENTS = EGarciaEcommerceVenta/EGarciaEcommerceVenta.entitlements;
				CODE_SIGN_STYLE = Automatic;
				CURRENT_PROJECT_VERSION = 1;
				DEVELOPMENT_TEAM = 8LAT49JHA2;
				GENERATE_INFOPLIST_FILE = YES;
				INFOPLIST_FILE = EGarciaEcommerceVenta/Info.plist;
				INFOPLIST_KEY_UIApplicationSupportsIndirectInputEvents = YES;
				INFOPLIST_KEY_UILaunchStoryboardName = LaunchScreen;
				INFOPLIST_KEY_UIMainStoryboardFile = Main;
				INFOPLIST_KEY_UISupportedInterfaceOrientations_iPad = "UIInterfaceOrientationPortrait UIInterfaceOrientationPortraitUpsideDown UIInterfaceOrientationLandscapeLeft UIInterfaceOrientationLandscapeRight";
				INFOPLIST_KEY_UISupportedInterfaceOrientations_iPhone = "UIInterfaceOrientationPortrait UIInterfaceOrientationLandscapeLeft UIInterfaceOrientationLandscapeRight";
				LD_RUNPATH_SEARCH_PATHS = (
					"$(inherited)",
					"@executable_path/Frameworks",
				);
				MARKETING_VERSION = 1.0;
				PRODUCT_BUNDLE_IDENTIFIER = com.digis.EGarciaEcommerceVenta;
				PRODUCT_NAME = "$(TARGET_NAME)";
				SWIFT_EMIT_LOC_STRINGS = YES;
				SWIFT_VERSION = 5.0;
				TARGETED_DEVICE_FAMILY = "1,2";
			};
			name = Release;
		};
/* End XCBuildConfiguration section */

/* Begin XCConfigurationList section */
		E313AB322A257784000C5E5D /* Build configuration list for PBXNativeTarget "EGarciaEcommerceVentaTests" */ = {
			isa = XCConfigurationList;
			buildConfigurations = (
				E313AB302A257784000C5E5D /* Debug */,
				E313AB312A257784000C5E5D /* Release */,
			);
			defaultConfigurationIsVisible = 0;
			defaultConfigurationName = Release;
		};
		E3A135CF29FAFD6D006C0CAD /* Build configuration list for PBXProject "EGarciaEcommerce" */ = {
			isa = XCConfigurationList;
			buildConfigurations = (
				E3A135E629FAFD6E006C0CAD /* Debug */,
				E3A135E729FAFD6E006C0CAD /* Release */,
			);
			defaultConfigurationIsVisible = 0;
			defaultConfigurationName = Release;
		};
		E3A135E829FAFD6E006C0CAD /* Build configuration list for PBXNativeTarget "EGarciaEcommerce" */ = {
			isa = XCConfigurationList;
			buildConfigurations = (
				E3A135E929FAFD6E006C0CAD /* Debug */,
				E3A135EA29FAFD6E006C0CAD /* Release */,
			);
			defaultConfigurationIsVisible = 0;
			defaultConfigurationName = Release;
		};
		E3AF22BC2A269DED002BF4AE /* Build configuration list for PBXNativeTarget "EGarciaEcommerceVentaUITests" */ = {
			isa = XCConfigurationList;
			buildConfigurations = (
				E3AF22BD2A269DED002BF4AE /* Debug */,
				E3AF22BE2A269DED002BF4AE /* Release */,
			);
			defaultConfigurationIsVisible = 0;
			defaultConfigurationName = Release;
		};
		E3B5DC432A1FE53700A4373A /* Build configuration list for PBXNativeTarget "EGarciaEcommerceVenta" */ = {
			isa = XCConfigurationList;
			buildConfigurations = (
				E3B5DC412A1FE53700A4373A /* Debug */,
				E3B5DC422A1FE53700A4373A /* Release */,
			);
			defaultConfigurationIsVisible = 0;
			defaultConfigurationName = Release;
		};
/* End XCConfigurationList section */

/* Begin XCRemoteSwiftPackageReference section */
		E36ABC2F2A1D487F00CE6CCE /* XCRemoteSwiftPackageReference "firebase-ios-sdk" */ = {
			isa = XCRemoteSwiftPackageReference;
			repositoryURL = "https://github.com/firebase/firebase-ios-sdk";
			requirement = {
				kind = upToNextMajorVersion;
				minimumVersion = 10.0.0;
			};
		};
/* End XCRemoteSwiftPackageReference section */

/* Begin XCSwiftPackageProductDependency section */
		E313AB362A2579A6000C5E5D /* FirebaseAuth */ = {
			isa = XCSwiftPackageProductDependency;
			package = E36ABC2F2A1D487F00CE6CCE /* XCRemoteSwiftPackageReference "firebase-ios-sdk" */;
			productName = FirebaseAuth;
		};
		E313AB382A2579AF000C5E5D /* FirebaseStorage */ = {
			isa = XCSwiftPackageProductDependency;
			package = E36ABC2F2A1D487F00CE6CCE /* XCRemoteSwiftPackageReference "firebase-ios-sdk" */;
			productName = FirebaseStorage;
		};
		E313AB3A2A2579C6000C5E5D /* FirebaseCrashlytics */ = {
			isa = XCSwiftPackageProductDependency;
			package = E36ABC2F2A1D487F00CE6CCE /* XCRemoteSwiftPackageReference "firebase-ios-sdk" */;
			productName = FirebaseCrashlytics;
		};
		E36ABC302A1D487F00CE6CCE /* FirebaseAuth */ = {
			isa = XCSwiftPackageProductDependency;
			package = E36ABC2F2A1D487F00CE6CCE /* XCRemoteSwiftPackageReference "firebase-ios-sdk" */;
			productName = FirebaseAuth;
		};
		E36ABC322A1D487F00CE6CCE /* FirebaseCrashlytics */ = {
			isa = XCSwiftPackageProductDependency;
			package = E36ABC2F2A1D487F00CE6CCE /* XCRemoteSwiftPackageReference "firebase-ios-sdk" */;
			productName = FirebaseCrashlytics;
		};
		E36ABC342A1D487F00CE6CCE /* FirebaseStorage */ = {
			isa = XCSwiftPackageProductDependency;
			package = E36ABC2F2A1D487F00CE6CCE /* XCRemoteSwiftPackageReference "firebase-ios-sdk" */;
			productName = FirebaseStorage;
		};
		E3B5DC682A1FF4EE00A4373A /* FirebaseAuth */ = {
			isa = XCSwiftPackageProductDependency;
			package = E36ABC2F2A1D487F00CE6CCE /* XCRemoteSwiftPackageReference "firebase-ios-sdk" */;
			productName = FirebaseAuth;
		};
		E3B5DC6A2A1FF4FB00A4373A /* FirebaseStorage */ = {
			isa = XCSwiftPackageProductDependency;
			package = E36ABC2F2A1D487F00CE6CCE /* XCRemoteSwiftPackageReference "firebase-ios-sdk" */;
			productName = FirebaseStorage;
		};
		E3B5DC6C2A1FF54F00A4373A /* FirebaseCrashlytics */ = {
			isa = XCSwiftPackageProductDependency;
			package = E36ABC2F2A1D487F00CE6CCE /* XCRemoteSwiftPackageReference "firebase-ios-sdk" */;
			productName = FirebaseCrashlytics;
		};
/* End XCSwiftPackageProductDependency section */

/* Begin XCVersionGroup section */
		E3B5DC732A20094B00A4373A /* EGarciaEcommerce.xcdatamodeld */ = {
			isa = XCVersionGroup;
			children = (
				E3B5DC742A20094B00A4373A /* EGarciaEcommerce.xcdatamodel */,
			);
			currentVersion = E3B5DC742A20094B00A4373A /* EGarciaEcommerce.xcdatamodel */;
			path = EGarciaEcommerce.xcdatamodeld;
			sourceTree = "<group>";
			versionGroupType = wrapper.xcdatamodel;
		};
/* End XCVersionGroup section */
	};
	rootObject = E3A135CC29FAFD6D006C0CAD /* Project object */;
}
